
Microsoft Visual Studio Solution File, Format Version 12.00
# Visual Studio Version 16
VisualStudioVersion = 16.0.30709.64
MinimumVisualStudioVersion = 10.0.40219.1
Project("{2150E333-8FDC-42A3-9474-1A3956D46DE8}") = "02 - Services", "02 - Services", "{455995EE-7B44-452F-B003-EEADBA8B06D0}"
EndProject
Project("{2150E333-8FDC-42A3-9474-1A3956D46DE8}") = "01 - Building Blocks", "01 - Building Blocks", "{11432440-0BBA-4CEA-BF08-3D180F85D2C4}"
EndProject
Project("{2150E333-8FDC-42A3-9474-1A3956D46DE8}") = "03 - WebApis", "03 - WebApis", "{38F7C4BE-56BE-4304-8B48-B5F6799D80E8}"
EndProject
Project("{2150E333-8FDC-42A3-9474-1A3956D46DE8}") = "Supplier", "Supplier", "{488D104A-900D-43CC-8228-F9E1B98A3A96}"
EndProject
Project("{2150E333-8FDC-42A3-9474-1A3956D46DE8}") = "Client", "Client", "{7C25EE06-E070-4D60-BE7F-EAA1B140EC36}"
EndProject
Project("{2150E333-8FDC-42A3-9474-1A3956D46DE8}") = "Catalog", "Catalog", "{3ABF7B32-B150-45BE-8F81-070FCC1B3BC1}"
EndProject
Project("{2150E333-8FDC-42A3-9474-1A3956D46DE8}") = "Plan", "Plan", "{90DFE860-6C0E-462B-977F-F2EBA142142F}"
EndProject
Project("{2150E333-8FDC-42A3-9474-1A3956D46DE8}") = "Identity", "Identity", "{55E27E9F-3E32-43BA-B289-7A8F14C9305B}"
EndProject
Project("{2150E333-8FDC-42A3-9474-1A3956D46DE8}") = "Payment", "Payment", "{9513E95F-44AB-4C67-BD4B-5ECACCC8DE12}"
EndProject
Project("{2150E333-8FDC-42A3-9474-1A3956D46DE8}") = "Basket", "Basket", "{02074151-2914-4DDC-9E0F-467EC1C68E26}"
EndProject
Project("{2150E333-8FDC-42A3-9474-1A3956D46DE8}") = "Chat", "Chat", "{DC563004-6780-46C3-9A1A-A7EFD9E4ACF3}"
EndProject
Project("{2150E333-8FDC-42A3-9474-1A3956D46DE8}") = "Notification", "Notification", "{D34EA193-FF46-4F52-9E7D-E0B13E9B310E}"
EndProject
Project("{2150E333-8FDC-42A3-9474-1A3956D46DE8}") = "Ordering", "Ordering", "{ED03C174-6009-41BD-92AB-6D9A1586D805}"
EndProject
Project("{2150E333-8FDC-42A3-9474-1A3956D46DE8}") = "Signature", "Signature", "{E9F8D5E2-7D3A-41A7-AEBD-F45710739067}"
EndProject
Project("{FAE04EC0-301F-11D3-BF4B-00C04F79EFBC}") = "Argon.Catalog.Application", "src\Services\Catalog\Argon.Catalog.Application\Argon.Catalog.Application.csproj", "{31F748BE-816E-4D78-AAA3-332C75153AB5}"
EndProject
Project("{FAE04EC0-301F-11D3-BF4B-00C04F79EFBC}") = "Argon.Catalog.Domain", "src\Services\Catalog\Argon.Catalog.Domain\Argon.Catalog.Domain.csproj", "{45900AD7-B7D9-44E5-9DAD-4594B4604BD3}"
EndProject
Project("{FAE04EC0-301F-11D3-BF4B-00C04F79EFBC}") = "Argon.Catalog.Infra.Data", "src\Services\Catalog\Argon.Catalog.Infra.Data\Argon.Catalog.Infra.Data.csproj", "{61399CF1-470E-4A76-AA01-27138533C861}"
EndProject
Project("{FAE04EC0-301F-11D3-BF4B-00C04F79EFBC}") = "Argon.Client.Application", "src\Services\Client\Argon.Client.Application\Argon.Client.Application.csproj", "{ECDD7931-073D-4670-B035-AF29B39A35EF}"
EndProject
Project("{FAE04EC0-301F-11D3-BF4B-00C04F79EFBC}") = "Argon.Client.Domain", "src\Services\Client\Argon.Client.Domain\Argon.Client.Domain.csproj", "{B8F14FC9-262D-4C22-95CF-795F29304A6D}"
EndProject
Project("{FAE04EC0-301F-11D3-BF4B-00C04F79EFBC}") = "Argon.Client.Infra.Data", "src\Services\Client\Argon.Client.Infra.Data\Argon.Client.Infra.Data.csproj", "{1D1C520A-462E-4857-94BA-E58B5CC8C3E9}"
EndProject
Project("{2150E333-8FDC-42A3-9474-1A3956D46DE8}") = "Core", "Core", "{792BE171-AC7B-4A8C-A3F7-C222AD78ED6D}"
EndProject
Project("{FAE04EC0-301F-11D3-BF4B-00C04F79EFBC}") = "Argon.WebApi.API", "src\WebApis\Argon.WebApi.API\Argon.WebApi.API.csproj", "{5DC11D00-9C95-4C8B-AC33-0F268F018463}"
EndProject
Global
	GlobalSection(SolutionConfigurationPlatforms) = preSolution
		Debug|Any CPU = Debug|Any CPU
		Release|Any CPU = Release|Any CPU
	EndGlobalSection
	GlobalSection(ProjectConfigurationPlatforms) = postSolution
		{31F748BE-816E-4D78-AAA3-332C75153AB5}.Debug|Any CPU.ActiveCfg = Debug|Any CPU
		{31F748BE-816E-4D78-AAA3-332C75153AB5}.Debug|Any CPU.Build.0 = Debug|Any CPU
		{31F748BE-816E-4D78-AAA3-332C75153AB5}.Release|Any CPU.ActiveCfg = Release|Any CPU
		{31F748BE-816E-4D78-AAA3-332C75153AB5}.Release|Any CPU.Build.0 = Release|Any CPU
		{45900AD7-B7D9-44E5-9DAD-4594B4604BD3}.Debug|Any CPU.ActiveCfg = Debug|Any CPU
		{45900AD7-B7D9-44E5-9DAD-4594B4604BD3}.Debug|Any CPU.Build.0 = Debug|Any CPU
		{45900AD7-B7D9-44E5-9DAD-4594B4604BD3}.Release|Any CPU.ActiveCfg = Release|Any CPU
		{45900AD7-B7D9-44E5-9DAD-4594B4604BD3}.Release|Any CPU.Build.0 = Release|Any CPU
		{61399CF1-470E-4A76-AA01-27138533C861}.Debug|Any CPU.ActiveCfg = Debug|Any CPU
		{61399CF1-470E-4A76-AA01-27138533C861}.Debug|Any CPU.Build.0 = Debug|Any CPU
		{61399CF1-470E-4A76-AA01-27138533C861}.Release|Any CPU.ActiveCfg = Release|Any CPU
		{61399CF1-470E-4A76-AA01-27138533C861}.Release|Any CPU.Build.0 = Release|Any CPU
		{ECDD7931-073D-4670-B035-AF29B39A35EF}.Debug|Any CPU.ActiveCfg = Debug|Any CPU
		{ECDD7931-073D-4670-B035-AF29B39A35EF}.Debug|Any CPU.Build.0 = Debug|Any CPU
		{ECDD7931-073D-4670-B035-AF29B39A35EF}.Release|Any CPU.ActiveCfg = Release|Any CPU
		{ECDD7931-073D-4670-B035-AF29B39A35EF}.Release|Any CPU.Build.0 = Release|Any CPU
		{B8F14FC9-262D-4C22-95CF-795F29304A6D}.Debug|Any CPU.ActiveCfg = Debug|Any CPU
		{B8F14FC9-262D-4C22-95CF-795F29304A6D}.Debug|Any CPU.Build.0 = Debug|Any CPU
		{B8F14FC9-262D-4C22-95CF-795F29304A6D}.Release|Any CPU.ActiveCfg = Release|Any CPU
		{B8F14FC9-262D-4C22-95CF-795F29304A6D}.Release|Any CPU.Build.0 = Release|Any CPU
		{1D1C520A-462E-4857-94BA-E58B5CC8C3E9}.Debug|Any CPU.ActiveCfg = Debug|Any CPU
		{1D1C520A-462E-4857-94BA-E58B5CC8C3E9}.Debug|Any CPU.Build.0 = Debug|Any CPU
		{1D1C520A-462E-4857-94BA-E58B5CC8C3E9}.Release|Any CPU.ActiveCfg = Release|Any CPU
		{1D1C520A-462E-4857-94BA-E58B5CC8C3E9}.Release|Any CPU.Build.0 = Release|Any CPU
		{5DC11D00-9C95-4C8B-AC33-0F268F018463}.Debug|Any CPU.ActiveCfg = Debug|Any CPU
		{5DC11D00-9C95-4C8B-AC33-0F268F018463}.Debug|Any CPU.Build.0 = Debug|Any CPU
		{5DC11D00-9C95-4C8B-AC33-0F268F018463}.Release|Any CPU.ActiveCfg = Release|Any CPU
		{5DC11D00-9C95-4C8B-AC33-0F268F018463}.Release|Any CPU.Build.0 = Release|Any CPU
	EndGlobalSection
	GlobalSection(SolutionProperties) = preSolution
		HideSolutionNode = FALSE
	EndGlobalSection
	GlobalSection(NestedProjects) = preSolution
		{488D104A-900D-43CC-8228-F9E1B98A3A96} = {455995EE-7B44-452F-B003-EEADBA8B06D0}
		{7C25EE06-E070-4D60-BE7F-EAA1B140EC36} = {455995EE-7B44-452F-B003-EEADBA8B06D0}
		{3ABF7B32-B150-45BE-8F81-070FCC1B3BC1} = {455995EE-7B44-452F-B003-EEADBA8B06D0}
		{90DFE860-6C0E-462B-977F-F2EBA142142F} = {455995EE-7B44-452F-B003-EEADBA8B06D0}
		{55E27E9F-3E32-43BA-B289-7A8F14C9305B} = {455995EE-7B44-452F-B003-EEADBA8B06D0}
		{9513E95F-44AB-4C67-BD4B-5ECACCC8DE12} = {455995EE-7B44-452F-B003-EEADBA8B06D0}
		{02074151-2914-4DDC-9E0F-467EC1C68E26} = {455995EE-7B44-452F-B003-EEADBA8B06D0}
		{DC563004-6780-46C3-9A1A-A7EFD9E4ACF3} = {455995EE-7B44-452F-B003-EEADBA8B06D0}
		{D34EA193-FF46-4F52-9E7D-E0B13E9B310E} = {455995EE-7B44-452F-B003-EEADBA8B06D0}
		{ED03C174-6009-41BD-92AB-6D9A1586D805} = {455995EE-7B44-452F-B003-EEADBA8B06D0}
		{E9F8D5E2-7D3A-41A7-AEBD-F45710739067} = {455995EE-7B44-452F-B003-EEADBA8B06D0}
		{31F748BE-816E-4D78-AAA3-332C75153AB5} = {3ABF7B32-B150-45BE-8F81-070FCC1B3BC1}
		{45900AD7-B7D9-44E5-9DAD-4594B4604BD3} = {3ABF7B32-B150-45BE-8F81-070FCC1B3BC1}
		{61399CF1-470E-4A76-AA01-27138533C861} = {3ABF7B32-B150-45BE-8F81-070FCC1B3BC1}
		{ECDD7931-073D-4670-B035-AF29B39A35EF} = {7C25EE06-E070-4D60-BE7F-EAA1B140EC36}
		{B8F14FC9-262D-4C22-95CF-795F29304A6D} = {7C25EE06-E070-4D60-BE7F-EAA1B140EC36}
		{1D1C520A-462E-4857-94BA-E58B5CC8C3E9} = {7C25EE06-E070-4D60-BE7F-EAA1B140EC36}
		{792BE171-AC7B-4A8C-A3F7-C222AD78ED6D} = {11432440-0BBA-4CEA-BF08-3D180F85D2C4}
		{5DC11D00-9C95-4C8B-AC33-0F268F018463} = {38F7C4BE-56BE-4304-8B48-B5F6799D80E8}
	EndGlobalSection
	GlobalSection(ExtensibilityGlobals) = postSolution
		SolutionGuid = {91A45E2F-9D6D-4902-B556-7D06DC132948}
	EndGlobalSection
EndGlobal
