
Microsoft Visual Studio Solution File, Format Version 12.00
# Visual Studio Version 17
VisualStudioVersion = 17.0.31423.177
MinimumVisualStudioVersion = 10.0.40219.1
Project("{2150E333-8FDC-42A3-9474-1A3956D46DE8}") = "02 - Services", "02 - Services", "{455995EE-7B44-452F-B003-EEADBA8B06D0}"
EndProject
Project("{2150E333-8FDC-42A3-9474-1A3956D46DE8}") = "01 - Building Blocks", "01 - Building Blocks", "{11432440-0BBA-4CEA-BF08-3D180F85D2C4}"
EndProject
Project("{2150E333-8FDC-42A3-9474-1A3956D46DE8}") = "03 - WebApps", "03 - WebApps", "{38F7C4BE-56BE-4304-8B48-B5F6799D80E8}"
EndProject
Project("{2150E333-8FDC-42A3-9474-1A3956D46DE8}") = "Restaurants", "Restaurants", "{488D104A-900D-43CC-8228-F9E1B98A3A96}"
EndProject
Project("{2150E333-8FDC-42A3-9474-1A3956D46DE8}") = "Customers", "Customers", "{7C25EE06-E070-4D60-BE7F-EAA1B140EC36}"
EndProject
Project("{2150E333-8FDC-42A3-9474-1A3956D46DE8}") = "Catalog", "Catalog", "{3ABF7B32-B150-45BE-8F81-070FCC1B3BC1}"
EndProject
Project("{2150E333-8FDC-42A3-9474-1A3956D46DE8}") = "Identity", "Identity", "{55E27E9F-3E32-43BA-B289-7A8F14C9305B}"
EndProject
Project("{2150E333-8FDC-42A3-9474-1A3956D46DE8}") = "Basket", "Basket", "{02074151-2914-4DDC-9E0F-467EC1C68E26}"
EndProject
Project("{2150E333-8FDC-42A3-9474-1A3956D46DE8}") = "Chat", "Chat", "{DC563004-6780-46C3-9A1A-A7EFD9E4ACF3}"
EndProject
Project("{2150E333-8FDC-42A3-9474-1A3956D46DE8}") = "Ordering", "Ordering", "{ED03C174-6009-41BD-92AB-6D9A1586D805}"
EndProject
Project("{9A19103F-16F7-4668-BE54-9A1E7A4F7556}") = "Argon.Catalog.Application", "src\Services\Catalog\Argon.Catalog.Application\Argon.Catalog.Application.csproj", "{31F748BE-816E-4D78-AAA3-332C75153AB5}"
EndProject
Project("{9A19103F-16F7-4668-BE54-9A1E7A4F7556}") = "Argon.Catalog.Domain", "src\Services\Catalog\Argon.Catalog.Domain\Argon.Catalog.Domain.csproj", "{45900AD7-B7D9-44E5-9DAD-4594B4604BD3}"
EndProject
Project("{9A19103F-16F7-4668-BE54-9A1E7A4F7556}") = "Argon.Catalog.Infra.Data", "src\Services\Catalog\Argon.Catalog.Infra.Data\Argon.Catalog.Infra.Data.csproj", "{61399CF1-470E-4A76-AA01-27138533C861}"
EndProject
Project("{9A19103F-16F7-4668-BE54-9A1E7A4F7556}") = "Argon.Core", "src\BuildingBlocks\Argon.Core\Argon.Core.csproj", "{8FA07B91-2CA9-4863-A40E-3E68847DD2CC}"
EndProject
Project("{9A19103F-16F7-4668-BE54-9A1E7A4F7556}") = "Argon.Identity", "src\Services\Identity\Argon.Identity\Argon.Identity.csproj", "{2487C75E-9C44-42F9-8F91-825737657A8F}"
EndProject
Project("{9A19103F-16F7-4668-BE54-9A1E7A4F7556}") = "Argon.Identity.Tests", "tests\Argon.Identity.Tests\Argon.Identity.Tests.csproj", "{E01B103D-4DA4-4DA3-9CEE-9D7F0255A9CA}"
EndProject
Project("{9A19103F-16F7-4668-BE54-9A1E7A4F7556}") = "Argon.Customers.Tests", "tests\Argon.Customer.Tests\Argon.Customers.Tests.csproj", "{70409B2B-31C4-4A01-A35A-966958A531BE}"
EndProject
Project("{9A19103F-16F7-4668-BE54-9A1E7A4F7556}") = "Argon.Core.Tests", "tests\Argon.Core.Tests\Argon.Core.Tests.csproj", "{95DF0557-D1B6-49D4-973F-92B601811B34}"
EndProject
Project("{9A19103F-16F7-4668-BE54-9A1E7A4F7556}") = "Argon.WebApp.API", "src\WebApps\Argon.WebApp.API\Argon.WebApp.API.csproj", "{07216DA2-20C6-485D-B8A7-EFED25C4EFF2}"
EndProject
Project("{9A19103F-16F7-4668-BE54-9A1E7A4F7556}") = "Argon.WebApp.Tests", "tests\Argon.WebApp.Tests\Argon.WebApp.Tests.csproj", "{0F8D560E-B910-4BFD-BE1C-6B9D686C505D}"
EndProject
Project("{9A19103F-16F7-4668-BE54-9A1E7A4F7556}") = "Argon.Restaurants.Tests", "tests\Argon.Suppliers.Tests\Argon.Restaurants.Tests.csproj", "{F61123E6-13D8-46FF-84A6-C749D243575C}"
EndProject
Project("{9A19103F-16F7-4668-BE54-9A1E7A4F7556}") = "Argon.Catalog.Tests", "tests\Argon.Catalog.Tests\Argon.Catalog.Tests.csproj", "{7B4CC59E-DFB4-438D-B7D2-057C38864A9B}"
EndProject
Project("{9A19103F-16F7-4668-BE54-9A1E7A4F7556}") = "Argon.EventSourcing", "src\BuildingBlocks\Argon.EventSourcing\Argon.EventSourcing.csproj", "{6C5A3F2A-5A07-425B-BBB1-F2D37702C728}"
EndProject
Project("{9A19103F-16F7-4668-BE54-9A1E7A4F7556}") = "Argon.Catalog.QueryStack", "src\Services\Catalog\Argon.Catalog.QueryStack\Argon.Catalog.QueryStack.csproj", "{29BC39F0-9FE9-47C4-B10F-713D6358998C}"
EndProject
Project("{9A19103F-16F7-4668-BE54-9A1E7A4F7556}") = "Argon.Catalog.Infra.Data.Queries", "src\Services\Catalog\Argon.Catalog.Infra.Data.Queries\Argon.Catalog.Infra.Data.Queries.csproj", "{9DEED978-61B6-4B4C-BC02-7734278E073E}"
EndProject
Project("{9A19103F-16F7-4668-BE54-9A1E7A4F7556}") = "Argon.Storage", "src\BuildingBlocks\Argon.Storage\Argon.Storage.csproj", "{D8E30534-A568-4FBC-9B10-BEA68539339A}"
EndProject
Project("{9A19103F-16F7-4668-BE54-9A1E7A4F7556}") = "Argon.Catalog.Caching", "src\Services\Catalog\Argon.Catalog.QueryStack.Cache\Argon.Catalog.Caching.csproj", "{E6A54EFE-EACF-4A46-866F-E0FDA5AD8FB0}"
EndProject
Project("{2150E333-8FDC-42A3-9474-1A3956D46DE8}") = "Tests", "Tests", "{D9A31082-14DB-40C7-BE79-0A11A392955C}"
EndProject
Project("{2150E333-8FDC-42A3-9474-1A3956D46DE8}") = "Tests", "Tests", "{8EB77CBE-21B6-489F-B73D-5CE425B51DF0}"
EndProject
Project("{9A19103F-16F7-4668-BE54-9A1E7A4F7556}") = "Argon.Catalog.Communication", "src\Services\Catalog\Argon.Catalog.Communication\Argon.Catalog.Communication.csproj", "{DE98DE16-6163-4F77-8BC0-1574E1AD0146}"
EndProject
Project("{9A19103F-16F7-4668-BE54-9A1E7A4F7556}") = "Argon.Ordering.Application", "src\Services\Ordering\Argon.Ordering.Application\Argon.Ordering.Application.csproj", "{052DF1DC-A15B-4DE9-B3D0-5CA78AC4294A}"
EndProject
Project("{2150E333-8FDC-42A3-9474-1A3956D46DE8}") = "Tests", "Tests", "{7EFD43E0-2148-4342-A636-41B5B43D72F1}"
EndProject
Project("{9A19103F-16F7-4668-BE54-9A1E7A4F7556}") = "Argon.Customers.Application", "src\Services\Customers\Argon.Customers.Application\Argon.Customers.Application.csproj", "{6BAA2EE8-A587-4F90-B567-B880950B1ED1}"
EndProject
Project("{9A19103F-16F7-4668-BE54-9A1E7A4F7556}") = "Argon.Customers.Domain", "src\Services\Customers\Argon.Customers.Domain\Argon.Customers.Domain.csproj", "{BEDD3D9D-BD64-4538-8CD9-F023BFA774FC}"
EndProject
Project("{9A19103F-16F7-4668-BE54-9A1E7A4F7556}") = "Argon.Customers.Infra.Data", "src\Services\Customers\Argon.Customers.Infra.Data\Argon.Customers.Infra.Data.csproj", "{A1B0EE64-30EF-42A6-A0C6-99433AC4BF44}"
EndProject
Project("{2150E333-8FDC-42A3-9474-1A3956D46DE8}") = "Tests", "Tests", "{D65B0A93-E879-4375-8424-7CC6E3943002}"
EndProject
Project("{9A19103F-16F7-4668-BE54-9A1E7A4F7556}") = "Argon.Restaurants.Application", "src\Services\Restaurants\Argon.Restaurants.Application\Argon.Restaurants.Application.csproj", "{3C98BD08-C42D-4D9D-A1AC-32C79198FD68}"
EndProject
Project("{9A19103F-16F7-4668-BE54-9A1E7A4F7556}") = "Argon.Restaurants.Domain", "src\Services\Restaurants\Argon.Restaurants.Domain\Argon.Restaurants.Domain.csproj", "{BAE7DAA3-43AE-4FB2-BA48-5803963B2764}"
EndProject
Project("{9A19103F-16F7-4668-BE54-9A1E7A4F7556}") = "Argon.Restaurants.Infra.Data", "src\Services\Restaurants\Argon.Restaurants.Infra.Data\Argon.Restaurants.Infra.Data.csproj", "{27B13933-F442-4C55-846D-E0E7075A12B2}"
EndProject
Project("{9A19103F-16F7-4668-BE54-9A1E7A4F7556}") = "Argon.Basket", "src\Services\Basket\Argon.Basket\Argon.Basket.csproj", "{94C82306-7893-494B-B7AC-B526CC48FBD5}"
EndProject
Project("{FAE04EC0-301F-11D3-BF4B-00C04F79EFBC}") = "Argon.Ordering.Domain", "src\Services\Ordering\Argon.Ordering.Domain\Argon.Ordering.Domain.csproj", "{A484A7C2-E98D-48AA-AABA-CAA34BB17CC8}"
EndProject
Project("{FAE04EC0-301F-11D3-BF4B-00C04F79EFBC}") = "Argon.Ordering.Infra.Data", "src\Services\Ordering\Argon.Ordering.Infra.Data\Argon.Ordering.Infra.Data.csproj", "{ACC9E6CF-B157-4688-A837-85D2E98469F6}"
EndProject
Global
	GlobalSection(SolutionConfigurationPlatforms) = preSolution
		Debug|Any CPU = Debug|Any CPU
		Release|Any CPU = Release|Any CPU
	EndGlobalSection
	GlobalSection(ProjectConfigurationPlatforms) = postSolution
		{31F748BE-816E-4D78-AAA3-332C75153AB5}.Debug|Any CPU.ActiveCfg = Debug|Any CPU
		{31F748BE-816E-4D78-AAA3-332C75153AB5}.Debug|Any CPU.Build.0 = Debug|Any CPU
		{31F748BE-816E-4D78-AAA3-332C75153AB5}.Release|Any CPU.ActiveCfg = Release|Any CPU
		{31F748BE-816E-4D78-AAA3-332C75153AB5}.Release|Any CPU.Build.0 = Release|Any CPU
		{45900AD7-B7D9-44E5-9DAD-4594B4604BD3}.Debug|Any CPU.ActiveCfg = Debug|Any CPU
		{45900AD7-B7D9-44E5-9DAD-4594B4604BD3}.Debug|Any CPU.Build.0 = Debug|Any CPU
		{45900AD7-B7D9-44E5-9DAD-4594B4604BD3}.Release|Any CPU.ActiveCfg = Release|Any CPU
		{45900AD7-B7D9-44E5-9DAD-4594B4604BD3}.Release|Any CPU.Build.0 = Release|Any CPU
		{61399CF1-470E-4A76-AA01-27138533C861}.Debug|Any CPU.ActiveCfg = Debug|Any CPU
		{61399CF1-470E-4A76-AA01-27138533C861}.Debug|Any CPU.Build.0 = Debug|Any CPU
		{61399CF1-470E-4A76-AA01-27138533C861}.Release|Any CPU.ActiveCfg = Release|Any CPU
		{61399CF1-470E-4A76-AA01-27138533C861}.Release|Any CPU.Build.0 = Release|Any CPU
		{8FA07B91-2CA9-4863-A40E-3E68847DD2CC}.Debug|Any CPU.ActiveCfg = Debug|Any CPU
		{8FA07B91-2CA9-4863-A40E-3E68847DD2CC}.Debug|Any CPU.Build.0 = Debug|Any CPU
		{8FA07B91-2CA9-4863-A40E-3E68847DD2CC}.Release|Any CPU.ActiveCfg = Release|Any CPU
		{8FA07B91-2CA9-4863-A40E-3E68847DD2CC}.Release|Any CPU.Build.0 = Release|Any CPU
		{2487C75E-9C44-42F9-8F91-825737657A8F}.Debug|Any CPU.ActiveCfg = Debug|Any CPU
		{2487C75E-9C44-42F9-8F91-825737657A8F}.Debug|Any CPU.Build.0 = Debug|Any CPU
		{2487C75E-9C44-42F9-8F91-825737657A8F}.Release|Any CPU.ActiveCfg = Release|Any CPU
		{2487C75E-9C44-42F9-8F91-825737657A8F}.Release|Any CPU.Build.0 = Release|Any CPU
		{E01B103D-4DA4-4DA3-9CEE-9D7F0255A9CA}.Debug|Any CPU.ActiveCfg = Debug|Any CPU
		{E01B103D-4DA4-4DA3-9CEE-9D7F0255A9CA}.Debug|Any CPU.Build.0 = Debug|Any CPU
		{E01B103D-4DA4-4DA3-9CEE-9D7F0255A9CA}.Release|Any CPU.ActiveCfg = Release|Any CPU
		{E01B103D-4DA4-4DA3-9CEE-9D7F0255A9CA}.Release|Any CPU.Build.0 = Release|Any CPU
		{70409B2B-31C4-4A01-A35A-966958A531BE}.Debug|Any CPU.ActiveCfg = Debug|Any CPU
		{70409B2B-31C4-4A01-A35A-966958A531BE}.Debug|Any CPU.Build.0 = Debug|Any CPU
		{70409B2B-31C4-4A01-A35A-966958A531BE}.Release|Any CPU.ActiveCfg = Release|Any CPU
		{70409B2B-31C4-4A01-A35A-966958A531BE}.Release|Any CPU.Build.0 = Release|Any CPU
		{95DF0557-D1B6-49D4-973F-92B601811B34}.Debug|Any CPU.ActiveCfg = Debug|Any CPU
		{95DF0557-D1B6-49D4-973F-92B601811B34}.Debug|Any CPU.Build.0 = Debug|Any CPU
		{95DF0557-D1B6-49D4-973F-92B601811B34}.Release|Any CPU.ActiveCfg = Release|Any CPU
		{95DF0557-D1B6-49D4-973F-92B601811B34}.Release|Any CPU.Build.0 = Release|Any CPU
		{07216DA2-20C6-485D-B8A7-EFED25C4EFF2}.Debug|Any CPU.ActiveCfg = Debug|Any CPU
		{07216DA2-20C6-485D-B8A7-EFED25C4EFF2}.Debug|Any CPU.Build.0 = Debug|Any CPU
		{07216DA2-20C6-485D-B8A7-EFED25C4EFF2}.Release|Any CPU.ActiveCfg = Release|Any CPU
		{07216DA2-20C6-485D-B8A7-EFED25C4EFF2}.Release|Any CPU.Build.0 = Release|Any CPU
		{0F8D560E-B910-4BFD-BE1C-6B9D686C505D}.Debug|Any CPU.ActiveCfg = Debug|Any CPU
		{0F8D560E-B910-4BFD-BE1C-6B9D686C505D}.Debug|Any CPU.Build.0 = Debug|Any CPU
		{0F8D560E-B910-4BFD-BE1C-6B9D686C505D}.Release|Any CPU.ActiveCfg = Release|Any CPU
		{0F8D560E-B910-4BFD-BE1C-6B9D686C505D}.Release|Any CPU.Build.0 = Release|Any CPU
		{F61123E6-13D8-46FF-84A6-C749D243575C}.Debug|Any CPU.ActiveCfg = Debug|Any CPU
		{F61123E6-13D8-46FF-84A6-C749D243575C}.Debug|Any CPU.Build.0 = Debug|Any CPU
		{F61123E6-13D8-46FF-84A6-C749D243575C}.Release|Any CPU.ActiveCfg = Release|Any CPU
		{F61123E6-13D8-46FF-84A6-C749D243575C}.Release|Any CPU.Build.0 = Release|Any CPU
		{7B4CC59E-DFB4-438D-B7D2-057C38864A9B}.Debug|Any CPU.ActiveCfg = Debug|Any CPU
		{7B4CC59E-DFB4-438D-B7D2-057C38864A9B}.Debug|Any CPU.Build.0 = Debug|Any CPU
		{7B4CC59E-DFB4-438D-B7D2-057C38864A9B}.Release|Any CPU.ActiveCfg = Release|Any CPU
		{7B4CC59E-DFB4-438D-B7D2-057C38864A9B}.Release|Any CPU.Build.0 = Release|Any CPU
		{6C5A3F2A-5A07-425B-BBB1-F2D37702C728}.Debug|Any CPU.ActiveCfg = Debug|Any CPU
		{6C5A3F2A-5A07-425B-BBB1-F2D37702C728}.Debug|Any CPU.Build.0 = Debug|Any CPU
		{6C5A3F2A-5A07-425B-BBB1-F2D37702C728}.Release|Any CPU.ActiveCfg = Release|Any CPU
		{6C5A3F2A-5A07-425B-BBB1-F2D37702C728}.Release|Any CPU.Build.0 = Release|Any CPU
		{29BC39F0-9FE9-47C4-B10F-713D6358998C}.Debug|Any CPU.ActiveCfg = Debug|Any CPU
		{29BC39F0-9FE9-47C4-B10F-713D6358998C}.Debug|Any CPU.Build.0 = Debug|Any CPU
		{29BC39F0-9FE9-47C4-B10F-713D6358998C}.Release|Any CPU.ActiveCfg = Release|Any CPU
		{29BC39F0-9FE9-47C4-B10F-713D6358998C}.Release|Any CPU.Build.0 = Release|Any CPU
		{9DEED978-61B6-4B4C-BC02-7734278E073E}.Debug|Any CPU.ActiveCfg = Debug|Any CPU
		{9DEED978-61B6-4B4C-BC02-7734278E073E}.Debug|Any CPU.Build.0 = Debug|Any CPU
		{9DEED978-61B6-4B4C-BC02-7734278E073E}.Release|Any CPU.ActiveCfg = Release|Any CPU
		{9DEED978-61B6-4B4C-BC02-7734278E073E}.Release|Any CPU.Build.0 = Release|Any CPU
		{D8E30534-A568-4FBC-9B10-BEA68539339A}.Debug|Any CPU.ActiveCfg = Debug|Any CPU
		{D8E30534-A568-4FBC-9B10-BEA68539339A}.Debug|Any CPU.Build.0 = Debug|Any CPU
		{D8E30534-A568-4FBC-9B10-BEA68539339A}.Release|Any CPU.ActiveCfg = Release|Any CPU
		{D8E30534-A568-4FBC-9B10-BEA68539339A}.Release|Any CPU.Build.0 = Release|Any CPU
		{E6A54EFE-EACF-4A46-866F-E0FDA5AD8FB0}.Debug|Any CPU.ActiveCfg = Debug|Any CPU
		{E6A54EFE-EACF-4A46-866F-E0FDA5AD8FB0}.Debug|Any CPU.Build.0 = Debug|Any CPU
		{E6A54EFE-EACF-4A46-866F-E0FDA5AD8FB0}.Release|Any CPU.ActiveCfg = Release|Any CPU
		{E6A54EFE-EACF-4A46-866F-E0FDA5AD8FB0}.Release|Any CPU.Build.0 = Release|Any CPU
		{DE98DE16-6163-4F77-8BC0-1574E1AD0146}.Debug|Any CPU.ActiveCfg = Debug|Any CPU
		{DE98DE16-6163-4F77-8BC0-1574E1AD0146}.Debug|Any CPU.Build.0 = Debug|Any CPU
		{DE98DE16-6163-4F77-8BC0-1574E1AD0146}.Release|Any CPU.ActiveCfg = Release|Any CPU
		{DE98DE16-6163-4F77-8BC0-1574E1AD0146}.Release|Any CPU.Build.0 = Release|Any CPU
		{052DF1DC-A15B-4DE9-B3D0-5CA78AC4294A}.Debug|Any CPU.ActiveCfg = Debug|Any CPU
		{052DF1DC-A15B-4DE9-B3D0-5CA78AC4294A}.Debug|Any CPU.Build.0 = Debug|Any CPU
		{052DF1DC-A15B-4DE9-B3D0-5CA78AC4294A}.Release|Any CPU.ActiveCfg = Release|Any CPU
		{052DF1DC-A15B-4DE9-B3D0-5CA78AC4294A}.Release|Any CPU.Build.0 = Release|Any CPU
		{6BAA2EE8-A587-4F90-B567-B880950B1ED1}.Debug|Any CPU.ActiveCfg = Debug|Any CPU
		{6BAA2EE8-A587-4F90-B567-B880950B1ED1}.Debug|Any CPU.Build.0 = Debug|Any CPU
		{6BAA2EE8-A587-4F90-B567-B880950B1ED1}.Release|Any CPU.ActiveCfg = Release|Any CPU
		{6BAA2EE8-A587-4F90-B567-B880950B1ED1}.Release|Any CPU.Build.0 = Release|Any CPU
		{BEDD3D9D-BD64-4538-8CD9-F023BFA774FC}.Debug|Any CPU.ActiveCfg = Debug|Any CPU
		{BEDD3D9D-BD64-4538-8CD9-F023BFA774FC}.Debug|Any CPU.Build.0 = Debug|Any CPU
		{BEDD3D9D-BD64-4538-8CD9-F023BFA774FC}.Release|Any CPU.ActiveCfg = Release|Any CPU
		{BEDD3D9D-BD64-4538-8CD9-F023BFA774FC}.Release|Any CPU.Build.0 = Release|Any CPU
		{A1B0EE64-30EF-42A6-A0C6-99433AC4BF44}.Debug|Any CPU.ActiveCfg = Debug|Any CPU
		{A1B0EE64-30EF-42A6-A0C6-99433AC4BF44}.Debug|Any CPU.Build.0 = Debug|Any CPU
		{A1B0EE64-30EF-42A6-A0C6-99433AC4BF44}.Release|Any CPU.ActiveCfg = Release|Any CPU
		{A1B0EE64-30EF-42A6-A0C6-99433AC4BF44}.Release|Any CPU.Build.0 = Release|Any CPU
		{3C98BD08-C42D-4D9D-A1AC-32C79198FD68}.Debug|Any CPU.ActiveCfg = Debug|Any CPU
		{3C98BD08-C42D-4D9D-A1AC-32C79198FD68}.Debug|Any CPU.Build.0 = Debug|Any CPU
		{3C98BD08-C42D-4D9D-A1AC-32C79198FD68}.Release|Any CPU.ActiveCfg = Release|Any CPU
		{3C98BD08-C42D-4D9D-A1AC-32C79198FD68}.Release|Any CPU.Build.0 = Release|Any CPU
		{BAE7DAA3-43AE-4FB2-BA48-5803963B2764}.Debug|Any CPU.ActiveCfg = Debug|Any CPU
		{BAE7DAA3-43AE-4FB2-BA48-5803963B2764}.Debug|Any CPU.Build.0 = Debug|Any CPU
		{BAE7DAA3-43AE-4FB2-BA48-5803963B2764}.Release|Any CPU.ActiveCfg = Release|Any CPU
		{BAE7DAA3-43AE-4FB2-BA48-5803963B2764}.Release|Any CPU.Build.0 = Release|Any CPU
		{27B13933-F442-4C55-846D-E0E7075A12B2}.Debug|Any CPU.ActiveCfg = Debug|Any CPU
		{27B13933-F442-4C55-846D-E0E7075A12B2}.Debug|Any CPU.Build.0 = Debug|Any CPU
		{27B13933-F442-4C55-846D-E0E7075A12B2}.Release|Any CPU.ActiveCfg = Release|Any CPU
		{27B13933-F442-4C55-846D-E0E7075A12B2}.Release|Any CPU.Build.0 = Release|Any CPU
		{94C82306-7893-494B-B7AC-B526CC48FBD5}.Debug|Any CPU.ActiveCfg = Debug|Any CPU
		{94C82306-7893-494B-B7AC-B526CC48FBD5}.Debug|Any CPU.Build.0 = Debug|Any CPU
		{94C82306-7893-494B-B7AC-B526CC48FBD5}.Release|Any CPU.ActiveCfg = Release|Any CPU
		{94C82306-7893-494B-B7AC-B526CC48FBD5}.Release|Any CPU.Build.0 = Release|Any CPU
		{A484A7C2-E98D-48AA-AABA-CAA34BB17CC8}.Debug|Any CPU.ActiveCfg = Debug|Any CPU
		{A484A7C2-E98D-48AA-AABA-CAA34BB17CC8}.Debug|Any CPU.Build.0 = Debug|Any CPU
		{A484A7C2-E98D-48AA-AABA-CAA34BB17CC8}.Release|Any CPU.ActiveCfg = Release|Any CPU
		{A484A7C2-E98D-48AA-AABA-CAA34BB17CC8}.Release|Any CPU.Build.0 = Release|Any CPU
		{ACC9E6CF-B157-4688-A837-85D2E98469F6}.Debug|Any CPU.ActiveCfg = Debug|Any CPU
		{ACC9E6CF-B157-4688-A837-85D2E98469F6}.Debug|Any CPU.Build.0 = Debug|Any CPU
		{ACC9E6CF-B157-4688-A837-85D2E98469F6}.Release|Any CPU.ActiveCfg = Release|Any CPU
		{ACC9E6CF-B157-4688-A837-85D2E98469F6}.Release|Any CPU.Build.0 = Release|Any CPU
	EndGlobalSection
	GlobalSection(SolutionProperties) = preSolution
		HideSolutionNode = FALSE
	EndGlobalSection
	GlobalSection(NestedProjects) = preSolution
		{488D104A-900D-43CC-8228-F9E1B98A3A96} = {455995EE-7B44-452F-B003-EEADBA8B06D0}
		{7C25EE06-E070-4D60-BE7F-EAA1B140EC36} = {455995EE-7B44-452F-B003-EEADBA8B06D0}
		{3ABF7B32-B150-45BE-8F81-070FCC1B3BC1} = {455995EE-7B44-452F-B003-EEADBA8B06D0}
		{55E27E9F-3E32-43BA-B289-7A8F14C9305B} = {455995EE-7B44-452F-B003-EEADBA8B06D0}
		{02074151-2914-4DDC-9E0F-467EC1C68E26} = {455995EE-7B44-452F-B003-EEADBA8B06D0}
		{DC563004-6780-46C3-9A1A-A7EFD9E4ACF3} = {455995EE-7B44-452F-B003-EEADBA8B06D0}
		{ED03C174-6009-41BD-92AB-6D9A1586D805} = {455995EE-7B44-452F-B003-EEADBA8B06D0}
		{31F748BE-816E-4D78-AAA3-332C75153AB5} = {3ABF7B32-B150-45BE-8F81-070FCC1B3BC1}
		{45900AD7-B7D9-44E5-9DAD-4594B4604BD3} = {3ABF7B32-B150-45BE-8F81-070FCC1B3BC1}
		{61399CF1-470E-4A76-AA01-27138533C861} = {3ABF7B32-B150-45BE-8F81-070FCC1B3BC1}
		{8FA07B91-2CA9-4863-A40E-3E68847DD2CC} = {11432440-0BBA-4CEA-BF08-3D180F85D2C4}
		{2487C75E-9C44-42F9-8F91-825737657A8F} = {55E27E9F-3E32-43BA-B289-7A8F14C9305B}
		{E01B103D-4DA4-4DA3-9CEE-9D7F0255A9CA} = {55E27E9F-3E32-43BA-B289-7A8F14C9305B}
		{70409B2B-31C4-4A01-A35A-966958A531BE} = {7EFD43E0-2148-4342-A636-41B5B43D72F1}
		{95DF0557-D1B6-49D4-973F-92B601811B34} = {8EB77CBE-21B6-489F-B73D-5CE425B51DF0}
		{07216DA2-20C6-485D-B8A7-EFED25C4EFF2} = {38F7C4BE-56BE-4304-8B48-B5F6799D80E8}
		{0F8D560E-B910-4BFD-BE1C-6B9D686C505D} = {38F7C4BE-56BE-4304-8B48-B5F6799D80E8}
		{F61123E6-13D8-46FF-84A6-C749D243575C} = {D65B0A93-E879-4375-8424-7CC6E3943002}
		{7B4CC59E-DFB4-438D-B7D2-057C38864A9B} = {D9A31082-14DB-40C7-BE79-0A11A392955C}
		{6C5A3F2A-5A07-425B-BBB1-F2D37702C728} = {11432440-0BBA-4CEA-BF08-3D180F85D2C4}
		{29BC39F0-9FE9-47C4-B10F-713D6358998C} = {3ABF7B32-B150-45BE-8F81-070FCC1B3BC1}
		{9DEED978-61B6-4B4C-BC02-7734278E073E} = {3ABF7B32-B150-45BE-8F81-070FCC1B3BC1}
		{D8E30534-A568-4FBC-9B10-BEA68539339A} = {11432440-0BBA-4CEA-BF08-3D180F85D2C4}
		{E6A54EFE-EACF-4A46-866F-E0FDA5AD8FB0} = {3ABF7B32-B150-45BE-8F81-070FCC1B3BC1}
		{D9A31082-14DB-40C7-BE79-0A11A392955C} = {3ABF7B32-B150-45BE-8F81-070FCC1B3BC1}
		{8EB77CBE-21B6-489F-B73D-5CE425B51DF0} = {11432440-0BBA-4CEA-BF08-3D180F85D2C4}
		{DE98DE16-6163-4F77-8BC0-1574E1AD0146} = {3ABF7B32-B150-45BE-8F81-070FCC1B3BC1}
		{052DF1DC-A15B-4DE9-B3D0-5CA78AC4294A} = {ED03C174-6009-41BD-92AB-6D9A1586D805}
		{7EFD43E0-2148-4342-A636-41B5B43D72F1} = {7C25EE06-E070-4D60-BE7F-EAA1B140EC36}
		{6BAA2EE8-A587-4F90-B567-B880950B1ED1} = {7C25EE06-E070-4D60-BE7F-EAA1B140EC36}
		{BEDD3D9D-BD64-4538-8CD9-F023BFA774FC} = {7C25EE06-E070-4D60-BE7F-EAA1B140EC36}
		{A1B0EE64-30EF-42A6-A0C6-99433AC4BF44} = {7C25EE06-E070-4D60-BE7F-EAA1B140EC36}
		{D65B0A93-E879-4375-8424-7CC6E3943002} = {488D104A-900D-43CC-8228-F9E1B98A3A96}
		{3C98BD08-C42D-4D9D-A1AC-32C79198FD68} = {488D104A-900D-43CC-8228-F9E1B98A3A96}
		{BAE7DAA3-43AE-4FB2-BA48-5803963B2764} = {488D104A-900D-43CC-8228-F9E1B98A3A96}
		{27B13933-F442-4C55-846D-E0E7075A12B2} = {488D104A-900D-43CC-8228-F9E1B98A3A96}
		{94C82306-7893-494B-B7AC-B526CC48FBD5} = {02074151-2914-4DDC-9E0F-467EC1C68E26}
		{A484A7C2-E98D-48AA-AABA-CAA34BB17CC8} = {ED03C174-6009-41BD-92AB-6D9A1586D805}
		{ACC9E6CF-B157-4688-A837-85D2E98469F6} = {ED03C174-6009-41BD-92AB-6D9A1586D805}
	EndGlobalSection
	GlobalSection(ExtensibilityGlobals) = postSolution
		SolutionGuid = {91A45E2F-9D6D-4902-B556-7D06DC132948}
	EndGlobalSection
EndGlobal
