
Microsoft Visual Studio Solution File, Format Version 12.00
# Visual Studio Version 17
VisualStudioVersion = 17.0.31612.314
MinimumVisualStudioVersion = 10.0.40219.1
Project("{2150E333-8FDC-42A3-9474-1A3956D46DE8}") = "02 - Services", "02 - Services", "{455995EE-7B44-452F-B003-EEADBA8B06D0}"
EndProject
Project("{2150E333-8FDC-42A3-9474-1A3956D46DE8}") = "01 - Building Blocks", "01 - Building Blocks", "{11432440-0BBA-4CEA-BF08-3D180F85D2C4}"
EndProject
Project("{2150E333-8FDC-42A3-9474-1A3956D46DE8}") = "03 - Apps", "03 - Apps", "{38F7C4BE-56BE-4304-8B48-B5F6799D80E8}"
EndProject
Project("{2150E333-8FDC-42A3-9474-1A3956D46DE8}") = "Restaurants", "Restaurants", "{488D104A-900D-43CC-8228-F9E1B98A3A96}"
EndProject
Project("{2150E333-8FDC-42A3-9474-1A3956D46DE8}") = "Customers", "Customers", "{7C25EE06-E070-4D60-BE7F-EAA1B140EC36}"
EndProject
Project("{2150E333-8FDC-42A3-9474-1A3956D46DE8}") = "Catalog", "Catalog", "{3ABF7B32-B150-45BE-8F81-070FCC1B3BC1}"
EndProject
Project("{2150E333-8FDC-42A3-9474-1A3956D46DE8}") = "Identity", "Identity", "{55E27E9F-3E32-43BA-B289-7A8F14C9305B}"
EndProject
Project("{2150E333-8FDC-42A3-9474-1A3956D46DE8}") = "Basket", "Basket", "{02074151-2914-4DDC-9E0F-467EC1C68E26}"
EndProject
Project("{2150E333-8FDC-42A3-9474-1A3956D46DE8}") = "Chat", "Chat", "{DC563004-6780-46C3-9A1A-A7EFD9E4ACF3}"
EndProject
Project("{2150E333-8FDC-42A3-9474-1A3956D46DE8}") = "Ordering", "Ordering", "{ED03C174-6009-41BD-92AB-6D9A1586D805}"
EndProject
Project("{2150E333-8FDC-42A3-9474-1A3956D46DE8}") = "Tests", "Tests", "{D9A31082-14DB-40C7-BE79-0A11A392955C}"
EndProject
Project("{2150E333-8FDC-42A3-9474-1A3956D46DE8}") = "Tests", "Tests", "{8EB77CBE-21B6-489F-B73D-5CE425B51DF0}"
EndProject
Project("{2150E333-8FDC-42A3-9474-1A3956D46DE8}") = "Tests", "Tests", "{7EFD43E0-2148-4342-A636-41B5B43D72F1}"
EndProject
Project("{2150E333-8FDC-42A3-9474-1A3956D46DE8}") = "Tests", "Tests", "{D65B0A93-E879-4375-8424-7CC6E3943002}"
EndProject
Project("{2150E333-8FDC-42A3-9474-1A3956D46DE8}") = "Tests", "Tests", "{AD2C03DB-232F-49E4-B235-4817888E40A9}"
EndProject
Project("{9A19103F-16F7-4668-BE54-9A1E7A4F7556}") = "Argon.Zine.EventSourcing", "src\BuildingBlocks\Argon.Zine.EventSourcing\Argon.Zine.EventSourcing.csproj", "{CEAF5568-45DB-4EE3-87E2-5C293A68DD87}"
EndProject
Project("{9A19103F-16F7-4668-BE54-9A1E7A4F7556}") = "Argon.Zine.Core", "src\BuildingBlocks\Argon.Zine.Core\Argon.Zine.Core.csproj", "{036C1F14-68F8-44A7-9683-BE94C312EEC3}"
EndProject
Project("{9A19103F-16F7-4668-BE54-9A1E7A4F7556}") = "Argon.Zine.Storage", "src\BuildingBlocks\Argon.Zine.Storage\Argon.Zine.Storage.csproj", "{B76D0B0F-E405-4848-B9FE-081AC7FE92BD}"
EndProject
Project("{9A19103F-16F7-4668-BE54-9A1E7A4F7556}") = "Argon.Zine.Core.Tests", "tests\Argon.Zine.Core.Tests\Argon.Zine.Core.Tests.csproj", "{3412E2C4-C193-46D3-90B1-A1BAA138FAF6}"
EndProject
Project("{9A19103F-16F7-4668-BE54-9A1E7A4F7556}") = "Argon.Zine.Restaurants.Infra.Data", "src\Services\Restaurants\Argon.Zine.Restaurants.Infra.Data\Argon.Zine.Restaurants.Infra.Data.csproj", "{1EAF3D27-BBC7-4AD2-ACBC-9F29690C1467}"
EndProject
Project("{9A19103F-16F7-4668-BE54-9A1E7A4F7556}") = "Argon.Zine.Restaurants.Domain", "src\Services\Restaurants\Argon.Zine.Restaurants.Domain\Argon.Zine.Restaurants.Domain.csproj", "{74371479-0E74-4BCC-8047-42BD00F6625E}"
EndProject
Project("{9A19103F-16F7-4668-BE54-9A1E7A4F7556}") = "Argon.Zine.Restaurants.Application", "src\Services\Restaurants\Argon.Zine.Restaurants.Application\Argon.Zine.Restaurants.Application.csproj", "{A62C0217-B1D2-47A0-BA1B-704812C8B8DF}"
EndProject
Project("{9A19103F-16F7-4668-BE54-9A1E7A4F7556}") = "Argon.Zine.Ordering.Infra.Data", "src\Services\Ordering\Argon.Zine.Ordering.Infra.Data\Argon.Zine.Ordering.Infra.Data.csproj", "{DE4702A9-3356-4D50-8A56-F3CB3292106B}"
EndProject
Project("{9A19103F-16F7-4668-BE54-9A1E7A4F7556}") = "Argon.Zine.Ordering.Domain", "src\Services\Ordering\Argon.Zine.Ordering.Domain\Argon.Zine.Ordering.Domain.csproj", "{7D8B9D16-07AC-4D49-B6B1-1A66C8D1FCD8}"
EndProject
Project("{9A19103F-16F7-4668-BE54-9A1E7A4F7556}") = "Argon.Zine.Ordering.Application", "src\Services\Ordering\Argon.Zine.Ordering.Application\Argon.Zine.Ordering.Application.csproj", "{FB968F87-9FD3-4303-B5AE-56A85A238D30}"
EndProject
Project("{9A19103F-16F7-4668-BE54-9A1E7A4F7556}") = "Argon.Zine.Identity", "src\Services\Identity\Argon.Zine.Identity\Argon.Zine.Identity.csproj", "{8BA09471-6793-434D-BE8C-80C7EE76A257}"
EndProject
Project("{9A19103F-16F7-4668-BE54-9A1E7A4F7556}") = "Argon.Zine.Customers.Application", "src\Services\Customers\Argon.Zine.Customers.Application\Argon.Zine.Customers.Application.csproj", "{AD97ECEF-0FC6-45E0-AAAE-A34BB5D75EE4}"
EndProject
Project("{9A19103F-16F7-4668-BE54-9A1E7A4F7556}") = "Argon.Zine.Customers.Domain", "src\Services\Customers\Argon.Zine.Customers.Domain\Argon.Zine.Customers.Domain.csproj", "{C7C817FA-3E21-4FB9-B0E7-6907A8FA427D}"
EndProject
Project("{9A19103F-16F7-4668-BE54-9A1E7A4F7556}") = "Argon.Zine.Customers.Infra.Data", "src\Services\Customers\Argon.Zine.Customers.Infra.Data\Argon.Zine.Customers.Infra.Data.csproj", "{7ABD51DF-3E19-4321-8197-CF22C10D50C7}"
EndProject
Project("{9A19103F-16F7-4668-BE54-9A1E7A4F7556}") = "Argon.Zine.Chat", "src\Services\Chat\Argon.Zine.Chat\Argon.Zine.Chat.csproj", "{5DA5A086-2F59-406A-AE31-EF1C76C9D7D8}"
EndProject
Project("{9A19103F-16F7-4668-BE54-9A1E7A4F7556}") = "Argon.Zine.Catalog.Application", "src\Services\Catalog\Argon.Zine.Catalog.Application\Argon.Zine.Catalog.Application.csproj", "{74371957-F9A3-4C5E-8890-BF8E1087B79E}"
EndProject
Project("{9A19103F-16F7-4668-BE54-9A1E7A4F7556}") = "Argon.Zine.Catalog.Communication", "src\Services\Catalog\Argon.Zine.Catalog.Communication\Argon.Zine.Catalog.Communication.csproj", "{17425C46-3145-4D2E-818A-01518FF71AD5}"
EndProject
Project("{9A19103F-16F7-4668-BE54-9A1E7A4F7556}") = "Argon.Zine.Catalog.Domain", "src\Services\Catalog\Argon.Zine.Catalog.Domain\Argon.Zine.Catalog.Domain.csproj", "{14069E9B-B578-4014-A43B-C043185AEA07}"
EndProject
Project("{9A19103F-16F7-4668-BE54-9A1E7A4F7556}") = "Argon.Zine.Catalog.Infra.Caching", "src\Services\Catalog\Argon.Zine.Catalog.Infra.Caching\Argon.Zine.Catalog.Infra.Caching.csproj", "{CAA290BD-C129-442B-B64B-0AAA1F751551}"
EndProject
Project("{9A19103F-16F7-4668-BE54-9A1E7A4F7556}") = "Argon.Zine.Catalog.Infra.Data", "src\Services\Catalog\Argon.Zine.Catalog.Infra.Data\Argon.Zine.Catalog.Infra.Data.csproj", "{A534D940-7E48-459B-8878-6074A733844D}"
EndProject
Project("{9A19103F-16F7-4668-BE54-9A1E7A4F7556}") = "Argon.Zine.Catalog.QueryStack", "src\Services\Catalog\Argon.Zine.Catalog.QueryStack\Argon.Zine.Catalog.QueryStack.csproj", "{3A89D65C-BC9D-4075-9980-6F91171FDBB4}"
EndProject
Project("{9A19103F-16F7-4668-BE54-9A1E7A4F7556}") = "Argon.Zine.App.Api", "src\Apps\Argon.Zine.App.Api\Argon.Zine.App.Api.csproj", "{E9977349-87F8-4CFB-B00D-7FB856AB3DBD}"
EndProject
Project("{9A19103F-16F7-4668-BE54-9A1E7A4F7556}") = "Argon.Zine.Basket", "src\Services\Basket\Argon.Zine.Basket\Argon.Zine.Basket.csproj", "{D68657B7-ED14-4D55-84C8-2529D0027427}"
EndProject
Project("{9A19103F-16F7-4668-BE54-9A1E7A4F7556}") = "Argon.Zine.Catalog.Tests", "tests\Argon.Zine.Catalog.Tests\Argon.Zine.Catalog.Tests.csproj", "{4E406F74-DB90-46FA-8337-89A599ABE967}"
EndProject
Project("{9A19103F-16F7-4668-BE54-9A1E7A4F7556}") = "Argon.Zine.Customers.Tests", "tests\Argon.Zine.Customers.Tests\Argon.Zine.Customers.Tests.csproj", "{591058DC-5E6F-45AD-A541-51AB926BD200}"
EndProject
Project("{9A19103F-16F7-4668-BE54-9A1E7A4F7556}") = "Argon.Zine.Identity.Tests", "tests\Argon.Zine.Identity.Tests\Argon.Zine.Identity.Tests.csproj", "{01BE185B-F171-4E79-9561-4EEF2826797A}"
EndProject
Project("{9A19103F-16F7-4668-BE54-9A1E7A4F7556}") = "Argon.Zine.Restaurants.Tests", "tests\Argon.Zine.Restaurants.Tests\Argon.Zine.Restaurants.Tests.csproj", "{10F7A062-441C-4E7A-B7E4-182682388592}"
EndProject
Project("{9A19103F-16F7-4668-BE54-9A1E7A4F7556}") = "Argon.Zine.App.Web", "src\Apps\Argon.Zine.App.Web\Argon.Zine.App.Web.csproj", "{9026566E-6D11-448D-A421-1E9CFA1DB99B}"
EndProject
Project("{9A19103F-16F7-4668-BE54-9A1E7A4F7556}") = "Argon.Zine.Identity.Notifications", "src\Services\Identity\Argon.Zine.Identity.Notifications\Argon.Zine.Identity.Notifications.csproj", "{62A9AC04-FEF9-4463-9E3B-F1A865CA4BFE}"
EndProject
Project("{9A19103F-16F7-4668-BE54-9A1E7A4F7556}") = "Argon.Zine.Shared", "src\BuildingBlocks\Argon.Zine.Shared\Argon.Zine.Shared.csproj", "{56A62C76-56A7-415B-A297-D965BF1359EB}"
EndProject
Project("{9A19103F-16F7-4668-BE54-9A1E7A4F7556}") = "Argon.Zine.Restaurants.QueryStack", "src\Services\Restaurants\Argon.Zine.Restaurants.QueryStack\Argon.Zine.Restaurants.QueryStack.csproj", "{F67F73BE-4609-42E7-91E7-F8DA92CDC25B}"
EndProject
Project("{FAE04EC0-301F-11D3-BF4B-00C04F79EFBC}") = "Argon.Zine.Infra.Data", "src\BuildingBlocks\Argon.Zine.Infra.Data\Argon.Zine.Infra.Data.csproj", "{4BEB4AE1-3755-425B-9BEC-72F2E3470CFA}"
EndProject
Global
	GlobalSection(SolutionConfigurationPlatforms) = preSolution
		Debug|Any CPU = Debug|Any CPU
		Debug|arm64 = Debug|arm64
		Debug|iPhone = Debug|iPhone
		Debug|iPhoneSimulator = Debug|iPhoneSimulator
		Debug|x64 = Debug|x64
		Debug|x86 = Debug|x86
		Release|Any CPU = Release|Any CPU
		Release|arm64 = Release|arm64
		Release|iPhone = Release|iPhone
		Release|iPhoneSimulator = Release|iPhoneSimulator
		Release|x64 = Release|x64
		Release|x86 = Release|x86
	EndGlobalSection
	GlobalSection(ProjectConfigurationPlatforms) = postSolution
		{CEAF5568-45DB-4EE3-87E2-5C293A68DD87}.Debug|Any CPU.ActiveCfg = Debug|Any CPU
		{CEAF5568-45DB-4EE3-87E2-5C293A68DD87}.Debug|Any CPU.Build.0 = Debug|Any CPU
		{CEAF5568-45DB-4EE3-87E2-5C293A68DD87}.Debug|arm64.ActiveCfg = Debug|Any CPU
		{CEAF5568-45DB-4EE3-87E2-5C293A68DD87}.Debug|arm64.Build.0 = Debug|Any CPU
		{CEAF5568-45DB-4EE3-87E2-5C293A68DD87}.Debug|iPhone.ActiveCfg = Debug|Any CPU
		{CEAF5568-45DB-4EE3-87E2-5C293A68DD87}.Debug|iPhone.Build.0 = Debug|Any CPU
		{CEAF5568-45DB-4EE3-87E2-5C293A68DD87}.Debug|iPhoneSimulator.ActiveCfg = Debug|Any CPU
		{CEAF5568-45DB-4EE3-87E2-5C293A68DD87}.Debug|iPhoneSimulator.Build.0 = Debug|Any CPU
		{CEAF5568-45DB-4EE3-87E2-5C293A68DD87}.Debug|x64.ActiveCfg = Debug|Any CPU
		{CEAF5568-45DB-4EE3-87E2-5C293A68DD87}.Debug|x64.Build.0 = Debug|Any CPU
		{CEAF5568-45DB-4EE3-87E2-5C293A68DD87}.Debug|x86.ActiveCfg = Debug|Any CPU
		{CEAF5568-45DB-4EE3-87E2-5C293A68DD87}.Debug|x86.Build.0 = Debug|Any CPU
		{CEAF5568-45DB-4EE3-87E2-5C293A68DD87}.Release|Any CPU.ActiveCfg = Release|Any CPU
		{CEAF5568-45DB-4EE3-87E2-5C293A68DD87}.Release|Any CPU.Build.0 = Release|Any CPU
		{CEAF5568-45DB-4EE3-87E2-5C293A68DD87}.Release|arm64.ActiveCfg = Release|Any CPU
		{CEAF5568-45DB-4EE3-87E2-5C293A68DD87}.Release|arm64.Build.0 = Release|Any CPU
		{CEAF5568-45DB-4EE3-87E2-5C293A68DD87}.Release|iPhone.ActiveCfg = Release|Any CPU
		{CEAF5568-45DB-4EE3-87E2-5C293A68DD87}.Release|iPhone.Build.0 = Release|Any CPU
		{CEAF5568-45DB-4EE3-87E2-5C293A68DD87}.Release|iPhoneSimulator.ActiveCfg = Release|Any CPU
		{CEAF5568-45DB-4EE3-87E2-5C293A68DD87}.Release|iPhoneSimulator.Build.0 = Release|Any CPU
		{CEAF5568-45DB-4EE3-87E2-5C293A68DD87}.Release|x64.ActiveCfg = Release|Any CPU
		{CEAF5568-45DB-4EE3-87E2-5C293A68DD87}.Release|x64.Build.0 = Release|Any CPU
		{CEAF5568-45DB-4EE3-87E2-5C293A68DD87}.Release|x86.ActiveCfg = Release|Any CPU
		{CEAF5568-45DB-4EE3-87E2-5C293A68DD87}.Release|x86.Build.0 = Release|Any CPU
		{036C1F14-68F8-44A7-9683-BE94C312EEC3}.Debug|Any CPU.ActiveCfg = Debug|Any CPU
		{036C1F14-68F8-44A7-9683-BE94C312EEC3}.Debug|Any CPU.Build.0 = Debug|Any CPU
		{036C1F14-68F8-44A7-9683-BE94C312EEC3}.Debug|arm64.ActiveCfg = Debug|Any CPU
		{036C1F14-68F8-44A7-9683-BE94C312EEC3}.Debug|arm64.Build.0 = Debug|Any CPU
		{036C1F14-68F8-44A7-9683-BE94C312EEC3}.Debug|iPhone.ActiveCfg = Debug|Any CPU
		{036C1F14-68F8-44A7-9683-BE94C312EEC3}.Debug|iPhone.Build.0 = Debug|Any CPU
		{036C1F14-68F8-44A7-9683-BE94C312EEC3}.Debug|iPhoneSimulator.ActiveCfg = Debug|Any CPU
		{036C1F14-68F8-44A7-9683-BE94C312EEC3}.Debug|iPhoneSimulator.Build.0 = Debug|Any CPU
		{036C1F14-68F8-44A7-9683-BE94C312EEC3}.Debug|x64.ActiveCfg = Debug|Any CPU
		{036C1F14-68F8-44A7-9683-BE94C312EEC3}.Debug|x64.Build.0 = Debug|Any CPU
		{036C1F14-68F8-44A7-9683-BE94C312EEC3}.Debug|x86.ActiveCfg = Debug|Any CPU
		{036C1F14-68F8-44A7-9683-BE94C312EEC3}.Debug|x86.Build.0 = Debug|Any CPU
		{036C1F14-68F8-44A7-9683-BE94C312EEC3}.Release|Any CPU.ActiveCfg = Release|Any CPU
		{036C1F14-68F8-44A7-9683-BE94C312EEC3}.Release|Any CPU.Build.0 = Release|Any CPU
		{036C1F14-68F8-44A7-9683-BE94C312EEC3}.Release|arm64.ActiveCfg = Release|Any CPU
		{036C1F14-68F8-44A7-9683-BE94C312EEC3}.Release|arm64.Build.0 = Release|Any CPU
		{036C1F14-68F8-44A7-9683-BE94C312EEC3}.Release|iPhone.ActiveCfg = Release|Any CPU
		{036C1F14-68F8-44A7-9683-BE94C312EEC3}.Release|iPhone.Build.0 = Release|Any CPU
		{036C1F14-68F8-44A7-9683-BE94C312EEC3}.Release|iPhoneSimulator.ActiveCfg = Release|Any CPU
		{036C1F14-68F8-44A7-9683-BE94C312EEC3}.Release|iPhoneSimulator.Build.0 = Release|Any CPU
		{036C1F14-68F8-44A7-9683-BE94C312EEC3}.Release|x64.ActiveCfg = Release|Any CPU
		{036C1F14-68F8-44A7-9683-BE94C312EEC3}.Release|x64.Build.0 = Release|Any CPU
		{036C1F14-68F8-44A7-9683-BE94C312EEC3}.Release|x86.ActiveCfg = Release|Any CPU
		{036C1F14-68F8-44A7-9683-BE94C312EEC3}.Release|x86.Build.0 = Release|Any CPU
		{B76D0B0F-E405-4848-B9FE-081AC7FE92BD}.Debug|Any CPU.ActiveCfg = Debug|Any CPU
		{B76D0B0F-E405-4848-B9FE-081AC7FE92BD}.Debug|Any CPU.Build.0 = Debug|Any CPU
		{B76D0B0F-E405-4848-B9FE-081AC7FE92BD}.Debug|arm64.ActiveCfg = Debug|Any CPU
		{B76D0B0F-E405-4848-B9FE-081AC7FE92BD}.Debug|arm64.Build.0 = Debug|Any CPU
		{B76D0B0F-E405-4848-B9FE-081AC7FE92BD}.Debug|iPhone.ActiveCfg = Debug|Any CPU
		{B76D0B0F-E405-4848-B9FE-081AC7FE92BD}.Debug|iPhone.Build.0 = Debug|Any CPU
		{B76D0B0F-E405-4848-B9FE-081AC7FE92BD}.Debug|iPhoneSimulator.ActiveCfg = Debug|Any CPU
		{B76D0B0F-E405-4848-B9FE-081AC7FE92BD}.Debug|iPhoneSimulator.Build.0 = Debug|Any CPU
		{B76D0B0F-E405-4848-B9FE-081AC7FE92BD}.Debug|x64.ActiveCfg = Debug|Any CPU
		{B76D0B0F-E405-4848-B9FE-081AC7FE92BD}.Debug|x64.Build.0 = Debug|Any CPU
		{B76D0B0F-E405-4848-B9FE-081AC7FE92BD}.Debug|x86.ActiveCfg = Debug|Any CPU
		{B76D0B0F-E405-4848-B9FE-081AC7FE92BD}.Debug|x86.Build.0 = Debug|Any CPU
		{B76D0B0F-E405-4848-B9FE-081AC7FE92BD}.Release|Any CPU.ActiveCfg = Release|Any CPU
		{B76D0B0F-E405-4848-B9FE-081AC7FE92BD}.Release|Any CPU.Build.0 = Release|Any CPU
		{B76D0B0F-E405-4848-B9FE-081AC7FE92BD}.Release|arm64.ActiveCfg = Release|Any CPU
		{B76D0B0F-E405-4848-B9FE-081AC7FE92BD}.Release|arm64.Build.0 = Release|Any CPU
		{B76D0B0F-E405-4848-B9FE-081AC7FE92BD}.Release|iPhone.ActiveCfg = Release|Any CPU
		{B76D0B0F-E405-4848-B9FE-081AC7FE92BD}.Release|iPhone.Build.0 = Release|Any CPU
		{B76D0B0F-E405-4848-B9FE-081AC7FE92BD}.Release|iPhoneSimulator.ActiveCfg = Release|Any CPU
		{B76D0B0F-E405-4848-B9FE-081AC7FE92BD}.Release|iPhoneSimulator.Build.0 = Release|Any CPU
		{B76D0B0F-E405-4848-B9FE-081AC7FE92BD}.Release|x64.ActiveCfg = Release|Any CPU
		{B76D0B0F-E405-4848-B9FE-081AC7FE92BD}.Release|x64.Build.0 = Release|Any CPU
		{B76D0B0F-E405-4848-B9FE-081AC7FE92BD}.Release|x86.ActiveCfg = Release|Any CPU
		{B76D0B0F-E405-4848-B9FE-081AC7FE92BD}.Release|x86.Build.0 = Release|Any CPU
		{3412E2C4-C193-46D3-90B1-A1BAA138FAF6}.Debug|Any CPU.ActiveCfg = Debug|Any CPU
		{3412E2C4-C193-46D3-90B1-A1BAA138FAF6}.Debug|Any CPU.Build.0 = Debug|Any CPU
		{3412E2C4-C193-46D3-90B1-A1BAA138FAF6}.Debug|arm64.ActiveCfg = Debug|Any CPU
		{3412E2C4-C193-46D3-90B1-A1BAA138FAF6}.Debug|arm64.Build.0 = Debug|Any CPU
		{3412E2C4-C193-46D3-90B1-A1BAA138FAF6}.Debug|iPhone.ActiveCfg = Debug|Any CPU
		{3412E2C4-C193-46D3-90B1-A1BAA138FAF6}.Debug|iPhone.Build.0 = Debug|Any CPU
		{3412E2C4-C193-46D3-90B1-A1BAA138FAF6}.Debug|iPhoneSimulator.ActiveCfg = Debug|Any CPU
		{3412E2C4-C193-46D3-90B1-A1BAA138FAF6}.Debug|iPhoneSimulator.Build.0 = Debug|Any CPU
		{3412E2C4-C193-46D3-90B1-A1BAA138FAF6}.Debug|x64.ActiveCfg = Debug|Any CPU
		{3412E2C4-C193-46D3-90B1-A1BAA138FAF6}.Debug|x64.Build.0 = Debug|Any CPU
		{3412E2C4-C193-46D3-90B1-A1BAA138FAF6}.Debug|x86.ActiveCfg = Debug|Any CPU
		{3412E2C4-C193-46D3-90B1-A1BAA138FAF6}.Debug|x86.Build.0 = Debug|Any CPU
		{3412E2C4-C193-46D3-90B1-A1BAA138FAF6}.Release|Any CPU.ActiveCfg = Release|Any CPU
		{3412E2C4-C193-46D3-90B1-A1BAA138FAF6}.Release|Any CPU.Build.0 = Release|Any CPU
		{3412E2C4-C193-46D3-90B1-A1BAA138FAF6}.Release|arm64.ActiveCfg = Release|Any CPU
		{3412E2C4-C193-46D3-90B1-A1BAA138FAF6}.Release|arm64.Build.0 = Release|Any CPU
		{3412E2C4-C193-46D3-90B1-A1BAA138FAF6}.Release|iPhone.ActiveCfg = Release|Any CPU
		{3412E2C4-C193-46D3-90B1-A1BAA138FAF6}.Release|iPhone.Build.0 = Release|Any CPU
		{3412E2C4-C193-46D3-90B1-A1BAA138FAF6}.Release|iPhoneSimulator.ActiveCfg = Release|Any CPU
		{3412E2C4-C193-46D3-90B1-A1BAA138FAF6}.Release|iPhoneSimulator.Build.0 = Release|Any CPU
		{3412E2C4-C193-46D3-90B1-A1BAA138FAF6}.Release|x64.ActiveCfg = Release|Any CPU
		{3412E2C4-C193-46D3-90B1-A1BAA138FAF6}.Release|x64.Build.0 = Release|Any CPU
		{3412E2C4-C193-46D3-90B1-A1BAA138FAF6}.Release|x86.ActiveCfg = Release|Any CPU
		{3412E2C4-C193-46D3-90B1-A1BAA138FAF6}.Release|x86.Build.0 = Release|Any CPU
		{1EAF3D27-BBC7-4AD2-ACBC-9F29690C1467}.Debug|Any CPU.ActiveCfg = Debug|Any CPU
		{1EAF3D27-BBC7-4AD2-ACBC-9F29690C1467}.Debug|Any CPU.Build.0 = Debug|Any CPU
		{1EAF3D27-BBC7-4AD2-ACBC-9F29690C1467}.Debug|arm64.ActiveCfg = Debug|Any CPU
		{1EAF3D27-BBC7-4AD2-ACBC-9F29690C1467}.Debug|arm64.Build.0 = Debug|Any CPU
		{1EAF3D27-BBC7-4AD2-ACBC-9F29690C1467}.Debug|iPhone.ActiveCfg = Debug|Any CPU
		{1EAF3D27-BBC7-4AD2-ACBC-9F29690C1467}.Debug|iPhone.Build.0 = Debug|Any CPU
		{1EAF3D27-BBC7-4AD2-ACBC-9F29690C1467}.Debug|iPhoneSimulator.ActiveCfg = Debug|Any CPU
		{1EAF3D27-BBC7-4AD2-ACBC-9F29690C1467}.Debug|iPhoneSimulator.Build.0 = Debug|Any CPU
		{1EAF3D27-BBC7-4AD2-ACBC-9F29690C1467}.Debug|x64.ActiveCfg = Debug|Any CPU
		{1EAF3D27-BBC7-4AD2-ACBC-9F29690C1467}.Debug|x64.Build.0 = Debug|Any CPU
		{1EAF3D27-BBC7-4AD2-ACBC-9F29690C1467}.Debug|x86.ActiveCfg = Debug|Any CPU
		{1EAF3D27-BBC7-4AD2-ACBC-9F29690C1467}.Debug|x86.Build.0 = Debug|Any CPU
		{1EAF3D27-BBC7-4AD2-ACBC-9F29690C1467}.Release|Any CPU.ActiveCfg = Release|Any CPU
		{1EAF3D27-BBC7-4AD2-ACBC-9F29690C1467}.Release|Any CPU.Build.0 = Release|Any CPU
		{1EAF3D27-BBC7-4AD2-ACBC-9F29690C1467}.Release|arm64.ActiveCfg = Release|Any CPU
		{1EAF3D27-BBC7-4AD2-ACBC-9F29690C1467}.Release|arm64.Build.0 = Release|Any CPU
		{1EAF3D27-BBC7-4AD2-ACBC-9F29690C1467}.Release|iPhone.ActiveCfg = Release|Any CPU
		{1EAF3D27-BBC7-4AD2-ACBC-9F29690C1467}.Release|iPhone.Build.0 = Release|Any CPU
		{1EAF3D27-BBC7-4AD2-ACBC-9F29690C1467}.Release|iPhoneSimulator.ActiveCfg = Release|Any CPU
		{1EAF3D27-BBC7-4AD2-ACBC-9F29690C1467}.Release|iPhoneSimulator.Build.0 = Release|Any CPU
		{1EAF3D27-BBC7-4AD2-ACBC-9F29690C1467}.Release|x64.ActiveCfg = Release|Any CPU
		{1EAF3D27-BBC7-4AD2-ACBC-9F29690C1467}.Release|x64.Build.0 = Release|Any CPU
		{1EAF3D27-BBC7-4AD2-ACBC-9F29690C1467}.Release|x86.ActiveCfg = Release|Any CPU
		{1EAF3D27-BBC7-4AD2-ACBC-9F29690C1467}.Release|x86.Build.0 = Release|Any CPU
		{74371479-0E74-4BCC-8047-42BD00F6625E}.Debug|Any CPU.ActiveCfg = Debug|Any CPU
		{74371479-0E74-4BCC-8047-42BD00F6625E}.Debug|Any CPU.Build.0 = Debug|Any CPU
		{74371479-0E74-4BCC-8047-42BD00F6625E}.Debug|arm64.ActiveCfg = Debug|Any CPU
		{74371479-0E74-4BCC-8047-42BD00F6625E}.Debug|arm64.Build.0 = Debug|Any CPU
		{74371479-0E74-4BCC-8047-42BD00F6625E}.Debug|iPhone.ActiveCfg = Debug|Any CPU
		{74371479-0E74-4BCC-8047-42BD00F6625E}.Debug|iPhone.Build.0 = Debug|Any CPU
		{74371479-0E74-4BCC-8047-42BD00F6625E}.Debug|iPhoneSimulator.ActiveCfg = Debug|Any CPU
		{74371479-0E74-4BCC-8047-42BD00F6625E}.Debug|iPhoneSimulator.Build.0 = Debug|Any CPU
		{74371479-0E74-4BCC-8047-42BD00F6625E}.Debug|x64.ActiveCfg = Debug|Any CPU
		{74371479-0E74-4BCC-8047-42BD00F6625E}.Debug|x64.Build.0 = Debug|Any CPU
		{74371479-0E74-4BCC-8047-42BD00F6625E}.Debug|x86.ActiveCfg = Debug|Any CPU
		{74371479-0E74-4BCC-8047-42BD00F6625E}.Debug|x86.Build.0 = Debug|Any CPU
		{74371479-0E74-4BCC-8047-42BD00F6625E}.Release|Any CPU.ActiveCfg = Release|Any CPU
		{74371479-0E74-4BCC-8047-42BD00F6625E}.Release|Any CPU.Build.0 = Release|Any CPU
		{74371479-0E74-4BCC-8047-42BD00F6625E}.Release|arm64.ActiveCfg = Release|Any CPU
		{74371479-0E74-4BCC-8047-42BD00F6625E}.Release|arm64.Build.0 = Release|Any CPU
		{74371479-0E74-4BCC-8047-42BD00F6625E}.Release|iPhone.ActiveCfg = Release|Any CPU
		{74371479-0E74-4BCC-8047-42BD00F6625E}.Release|iPhone.Build.0 = Release|Any CPU
		{74371479-0E74-4BCC-8047-42BD00F6625E}.Release|iPhoneSimulator.ActiveCfg = Release|Any CPU
		{74371479-0E74-4BCC-8047-42BD00F6625E}.Release|iPhoneSimulator.Build.0 = Release|Any CPU
		{74371479-0E74-4BCC-8047-42BD00F6625E}.Release|x64.ActiveCfg = Release|Any CPU
		{74371479-0E74-4BCC-8047-42BD00F6625E}.Release|x64.Build.0 = Release|Any CPU
		{74371479-0E74-4BCC-8047-42BD00F6625E}.Release|x86.ActiveCfg = Release|Any CPU
		{74371479-0E74-4BCC-8047-42BD00F6625E}.Release|x86.Build.0 = Release|Any CPU
		{A62C0217-B1D2-47A0-BA1B-704812C8B8DF}.Debug|Any CPU.ActiveCfg = Debug|Any CPU
		{A62C0217-B1D2-47A0-BA1B-704812C8B8DF}.Debug|Any CPU.Build.0 = Debug|Any CPU
		{A62C0217-B1D2-47A0-BA1B-704812C8B8DF}.Debug|arm64.ActiveCfg = Debug|Any CPU
		{A62C0217-B1D2-47A0-BA1B-704812C8B8DF}.Debug|arm64.Build.0 = Debug|Any CPU
		{A62C0217-B1D2-47A0-BA1B-704812C8B8DF}.Debug|iPhone.ActiveCfg = Debug|Any CPU
		{A62C0217-B1D2-47A0-BA1B-704812C8B8DF}.Debug|iPhone.Build.0 = Debug|Any CPU
		{A62C0217-B1D2-47A0-BA1B-704812C8B8DF}.Debug|iPhoneSimulator.ActiveCfg = Debug|Any CPU
		{A62C0217-B1D2-47A0-BA1B-704812C8B8DF}.Debug|iPhoneSimulator.Build.0 = Debug|Any CPU
		{A62C0217-B1D2-47A0-BA1B-704812C8B8DF}.Debug|x64.ActiveCfg = Debug|Any CPU
		{A62C0217-B1D2-47A0-BA1B-704812C8B8DF}.Debug|x64.Build.0 = Debug|Any CPU
		{A62C0217-B1D2-47A0-BA1B-704812C8B8DF}.Debug|x86.ActiveCfg = Debug|Any CPU
		{A62C0217-B1D2-47A0-BA1B-704812C8B8DF}.Debug|x86.Build.0 = Debug|Any CPU
		{A62C0217-B1D2-47A0-BA1B-704812C8B8DF}.Release|Any CPU.ActiveCfg = Release|Any CPU
		{A62C0217-B1D2-47A0-BA1B-704812C8B8DF}.Release|Any CPU.Build.0 = Release|Any CPU
		{A62C0217-B1D2-47A0-BA1B-704812C8B8DF}.Release|arm64.ActiveCfg = Release|Any CPU
		{A62C0217-B1D2-47A0-BA1B-704812C8B8DF}.Release|arm64.Build.0 = Release|Any CPU
		{A62C0217-B1D2-47A0-BA1B-704812C8B8DF}.Release|iPhone.ActiveCfg = Release|Any CPU
		{A62C0217-B1D2-47A0-BA1B-704812C8B8DF}.Release|iPhone.Build.0 = Release|Any CPU
		{A62C0217-B1D2-47A0-BA1B-704812C8B8DF}.Release|iPhoneSimulator.ActiveCfg = Release|Any CPU
		{A62C0217-B1D2-47A0-BA1B-704812C8B8DF}.Release|iPhoneSimulator.Build.0 = Release|Any CPU
		{A62C0217-B1D2-47A0-BA1B-704812C8B8DF}.Release|x64.ActiveCfg = Release|Any CPU
		{A62C0217-B1D2-47A0-BA1B-704812C8B8DF}.Release|x64.Build.0 = Release|Any CPU
		{A62C0217-B1D2-47A0-BA1B-704812C8B8DF}.Release|x86.ActiveCfg = Release|Any CPU
		{A62C0217-B1D2-47A0-BA1B-704812C8B8DF}.Release|x86.Build.0 = Release|Any CPU
		{DE4702A9-3356-4D50-8A56-F3CB3292106B}.Debug|Any CPU.ActiveCfg = Debug|Any CPU
		{DE4702A9-3356-4D50-8A56-F3CB3292106B}.Debug|Any CPU.Build.0 = Debug|Any CPU
		{DE4702A9-3356-4D50-8A56-F3CB3292106B}.Debug|arm64.ActiveCfg = Debug|Any CPU
		{DE4702A9-3356-4D50-8A56-F3CB3292106B}.Debug|arm64.Build.0 = Debug|Any CPU
		{DE4702A9-3356-4D50-8A56-F3CB3292106B}.Debug|iPhone.ActiveCfg = Debug|Any CPU
		{DE4702A9-3356-4D50-8A56-F3CB3292106B}.Debug|iPhone.Build.0 = Debug|Any CPU
		{DE4702A9-3356-4D50-8A56-F3CB3292106B}.Debug|iPhoneSimulator.ActiveCfg = Debug|Any CPU
		{DE4702A9-3356-4D50-8A56-F3CB3292106B}.Debug|iPhoneSimulator.Build.0 = Debug|Any CPU
		{DE4702A9-3356-4D50-8A56-F3CB3292106B}.Debug|x64.ActiveCfg = Debug|Any CPU
		{DE4702A9-3356-4D50-8A56-F3CB3292106B}.Debug|x64.Build.0 = Debug|Any CPU
		{DE4702A9-3356-4D50-8A56-F3CB3292106B}.Debug|x86.ActiveCfg = Debug|Any CPU
		{DE4702A9-3356-4D50-8A56-F3CB3292106B}.Debug|x86.Build.0 = Debug|Any CPU
		{DE4702A9-3356-4D50-8A56-F3CB3292106B}.Release|Any CPU.ActiveCfg = Release|Any CPU
		{DE4702A9-3356-4D50-8A56-F3CB3292106B}.Release|Any CPU.Build.0 = Release|Any CPU
		{DE4702A9-3356-4D50-8A56-F3CB3292106B}.Release|arm64.ActiveCfg = Release|Any CPU
		{DE4702A9-3356-4D50-8A56-F3CB3292106B}.Release|arm64.Build.0 = Release|Any CPU
		{DE4702A9-3356-4D50-8A56-F3CB3292106B}.Release|iPhone.ActiveCfg = Release|Any CPU
		{DE4702A9-3356-4D50-8A56-F3CB3292106B}.Release|iPhone.Build.0 = Release|Any CPU
		{DE4702A9-3356-4D50-8A56-F3CB3292106B}.Release|iPhoneSimulator.ActiveCfg = Release|Any CPU
		{DE4702A9-3356-4D50-8A56-F3CB3292106B}.Release|iPhoneSimulator.Build.0 = Release|Any CPU
		{DE4702A9-3356-4D50-8A56-F3CB3292106B}.Release|x64.ActiveCfg = Release|Any CPU
		{DE4702A9-3356-4D50-8A56-F3CB3292106B}.Release|x64.Build.0 = Release|Any CPU
		{DE4702A9-3356-4D50-8A56-F3CB3292106B}.Release|x86.ActiveCfg = Release|Any CPU
		{DE4702A9-3356-4D50-8A56-F3CB3292106B}.Release|x86.Build.0 = Release|Any CPU
		{7D8B9D16-07AC-4D49-B6B1-1A66C8D1FCD8}.Debug|Any CPU.ActiveCfg = Debug|Any CPU
		{7D8B9D16-07AC-4D49-B6B1-1A66C8D1FCD8}.Debug|Any CPU.Build.0 = Debug|Any CPU
		{7D8B9D16-07AC-4D49-B6B1-1A66C8D1FCD8}.Debug|arm64.ActiveCfg = Debug|Any CPU
		{7D8B9D16-07AC-4D49-B6B1-1A66C8D1FCD8}.Debug|arm64.Build.0 = Debug|Any CPU
		{7D8B9D16-07AC-4D49-B6B1-1A66C8D1FCD8}.Debug|iPhone.ActiveCfg = Debug|Any CPU
		{7D8B9D16-07AC-4D49-B6B1-1A66C8D1FCD8}.Debug|iPhone.Build.0 = Debug|Any CPU
		{7D8B9D16-07AC-4D49-B6B1-1A66C8D1FCD8}.Debug|iPhoneSimulator.ActiveCfg = Debug|Any CPU
		{7D8B9D16-07AC-4D49-B6B1-1A66C8D1FCD8}.Debug|iPhoneSimulator.Build.0 = Debug|Any CPU
		{7D8B9D16-07AC-4D49-B6B1-1A66C8D1FCD8}.Debug|x64.ActiveCfg = Debug|Any CPU
		{7D8B9D16-07AC-4D49-B6B1-1A66C8D1FCD8}.Debug|x64.Build.0 = Debug|Any CPU
		{7D8B9D16-07AC-4D49-B6B1-1A66C8D1FCD8}.Debug|x86.ActiveCfg = Debug|Any CPU
		{7D8B9D16-07AC-4D49-B6B1-1A66C8D1FCD8}.Debug|x86.Build.0 = Debug|Any CPU
		{7D8B9D16-07AC-4D49-B6B1-1A66C8D1FCD8}.Release|Any CPU.ActiveCfg = Release|Any CPU
		{7D8B9D16-07AC-4D49-B6B1-1A66C8D1FCD8}.Release|Any CPU.Build.0 = Release|Any CPU
		{7D8B9D16-07AC-4D49-B6B1-1A66C8D1FCD8}.Release|arm64.ActiveCfg = Release|Any CPU
		{7D8B9D16-07AC-4D49-B6B1-1A66C8D1FCD8}.Release|arm64.Build.0 = Release|Any CPU
		{7D8B9D16-07AC-4D49-B6B1-1A66C8D1FCD8}.Release|iPhone.ActiveCfg = Release|Any CPU
		{7D8B9D16-07AC-4D49-B6B1-1A66C8D1FCD8}.Release|iPhone.Build.0 = Release|Any CPU
		{7D8B9D16-07AC-4D49-B6B1-1A66C8D1FCD8}.Release|iPhoneSimulator.ActiveCfg = Release|Any CPU
		{7D8B9D16-07AC-4D49-B6B1-1A66C8D1FCD8}.Release|iPhoneSimulator.Build.0 = Release|Any CPU
		{7D8B9D16-07AC-4D49-B6B1-1A66C8D1FCD8}.Release|x64.ActiveCfg = Release|Any CPU
		{7D8B9D16-07AC-4D49-B6B1-1A66C8D1FCD8}.Release|x64.Build.0 = Release|Any CPU
		{7D8B9D16-07AC-4D49-B6B1-1A66C8D1FCD8}.Release|x86.ActiveCfg = Release|Any CPU
		{7D8B9D16-07AC-4D49-B6B1-1A66C8D1FCD8}.Release|x86.Build.0 = Release|Any CPU
		{FB968F87-9FD3-4303-B5AE-56A85A238D30}.Debug|Any CPU.ActiveCfg = Debug|Any CPU
		{FB968F87-9FD3-4303-B5AE-56A85A238D30}.Debug|Any CPU.Build.0 = Debug|Any CPU
		{FB968F87-9FD3-4303-B5AE-56A85A238D30}.Debug|arm64.ActiveCfg = Debug|Any CPU
		{FB968F87-9FD3-4303-B5AE-56A85A238D30}.Debug|arm64.Build.0 = Debug|Any CPU
		{FB968F87-9FD3-4303-B5AE-56A85A238D30}.Debug|iPhone.ActiveCfg = Debug|Any CPU
		{FB968F87-9FD3-4303-B5AE-56A85A238D30}.Debug|iPhone.Build.0 = Debug|Any CPU
		{FB968F87-9FD3-4303-B5AE-56A85A238D30}.Debug|iPhoneSimulator.ActiveCfg = Debug|Any CPU
		{FB968F87-9FD3-4303-B5AE-56A85A238D30}.Debug|iPhoneSimulator.Build.0 = Debug|Any CPU
		{FB968F87-9FD3-4303-B5AE-56A85A238D30}.Debug|x64.ActiveCfg = Debug|Any CPU
		{FB968F87-9FD3-4303-B5AE-56A85A238D30}.Debug|x64.Build.0 = Debug|Any CPU
		{FB968F87-9FD3-4303-B5AE-56A85A238D30}.Debug|x86.ActiveCfg = Debug|Any CPU
		{FB968F87-9FD3-4303-B5AE-56A85A238D30}.Debug|x86.Build.0 = Debug|Any CPU
		{FB968F87-9FD3-4303-B5AE-56A85A238D30}.Release|Any CPU.ActiveCfg = Release|Any CPU
		{FB968F87-9FD3-4303-B5AE-56A85A238D30}.Release|Any CPU.Build.0 = Release|Any CPU
		{FB968F87-9FD3-4303-B5AE-56A85A238D30}.Release|arm64.ActiveCfg = Release|Any CPU
		{FB968F87-9FD3-4303-B5AE-56A85A238D30}.Release|arm64.Build.0 = Release|Any CPU
		{FB968F87-9FD3-4303-B5AE-56A85A238D30}.Release|iPhone.ActiveCfg = Release|Any CPU
		{FB968F87-9FD3-4303-B5AE-56A85A238D30}.Release|iPhone.Build.0 = Release|Any CPU
		{FB968F87-9FD3-4303-B5AE-56A85A238D30}.Release|iPhoneSimulator.ActiveCfg = Release|Any CPU
		{FB968F87-9FD3-4303-B5AE-56A85A238D30}.Release|iPhoneSimulator.Build.0 = Release|Any CPU
		{FB968F87-9FD3-4303-B5AE-56A85A238D30}.Release|x64.ActiveCfg = Release|Any CPU
		{FB968F87-9FD3-4303-B5AE-56A85A238D30}.Release|x64.Build.0 = Release|Any CPU
		{FB968F87-9FD3-4303-B5AE-56A85A238D30}.Release|x86.ActiveCfg = Release|Any CPU
		{FB968F87-9FD3-4303-B5AE-56A85A238D30}.Release|x86.Build.0 = Release|Any CPU
		{8BA09471-6793-434D-BE8C-80C7EE76A257}.Debug|Any CPU.ActiveCfg = Debug|Any CPU
		{8BA09471-6793-434D-BE8C-80C7EE76A257}.Debug|Any CPU.Build.0 = Debug|Any CPU
		{8BA09471-6793-434D-BE8C-80C7EE76A257}.Debug|arm64.ActiveCfg = Debug|Any CPU
		{8BA09471-6793-434D-BE8C-80C7EE76A257}.Debug|arm64.Build.0 = Debug|Any CPU
		{8BA09471-6793-434D-BE8C-80C7EE76A257}.Debug|iPhone.ActiveCfg = Debug|Any CPU
		{8BA09471-6793-434D-BE8C-80C7EE76A257}.Debug|iPhone.Build.0 = Debug|Any CPU
		{8BA09471-6793-434D-BE8C-80C7EE76A257}.Debug|iPhoneSimulator.ActiveCfg = Debug|Any CPU
		{8BA09471-6793-434D-BE8C-80C7EE76A257}.Debug|iPhoneSimulator.Build.0 = Debug|Any CPU
		{8BA09471-6793-434D-BE8C-80C7EE76A257}.Debug|x64.ActiveCfg = Debug|Any CPU
		{8BA09471-6793-434D-BE8C-80C7EE76A257}.Debug|x64.Build.0 = Debug|Any CPU
		{8BA09471-6793-434D-BE8C-80C7EE76A257}.Debug|x86.ActiveCfg = Debug|Any CPU
		{8BA09471-6793-434D-BE8C-80C7EE76A257}.Debug|x86.Build.0 = Debug|Any CPU
		{8BA09471-6793-434D-BE8C-80C7EE76A257}.Release|Any CPU.ActiveCfg = Release|Any CPU
		{8BA09471-6793-434D-BE8C-80C7EE76A257}.Release|Any CPU.Build.0 = Release|Any CPU
		{8BA09471-6793-434D-BE8C-80C7EE76A257}.Release|arm64.ActiveCfg = Release|Any CPU
		{8BA09471-6793-434D-BE8C-80C7EE76A257}.Release|arm64.Build.0 = Release|Any CPU
		{8BA09471-6793-434D-BE8C-80C7EE76A257}.Release|iPhone.ActiveCfg = Release|Any CPU
		{8BA09471-6793-434D-BE8C-80C7EE76A257}.Release|iPhone.Build.0 = Release|Any CPU
		{8BA09471-6793-434D-BE8C-80C7EE76A257}.Release|iPhoneSimulator.ActiveCfg = Release|Any CPU
		{8BA09471-6793-434D-BE8C-80C7EE76A257}.Release|iPhoneSimulator.Build.0 = Release|Any CPU
		{8BA09471-6793-434D-BE8C-80C7EE76A257}.Release|x64.ActiveCfg = Release|Any CPU
		{8BA09471-6793-434D-BE8C-80C7EE76A257}.Release|x64.Build.0 = Release|Any CPU
		{8BA09471-6793-434D-BE8C-80C7EE76A257}.Release|x86.ActiveCfg = Release|Any CPU
		{8BA09471-6793-434D-BE8C-80C7EE76A257}.Release|x86.Build.0 = Release|Any CPU
		{AD97ECEF-0FC6-45E0-AAAE-A34BB5D75EE4}.Debug|Any CPU.ActiveCfg = Debug|Any CPU
		{AD97ECEF-0FC6-45E0-AAAE-A34BB5D75EE4}.Debug|Any CPU.Build.0 = Debug|Any CPU
		{AD97ECEF-0FC6-45E0-AAAE-A34BB5D75EE4}.Debug|arm64.ActiveCfg = Debug|Any CPU
		{AD97ECEF-0FC6-45E0-AAAE-A34BB5D75EE4}.Debug|arm64.Build.0 = Debug|Any CPU
		{AD97ECEF-0FC6-45E0-AAAE-A34BB5D75EE4}.Debug|iPhone.ActiveCfg = Debug|Any CPU
		{AD97ECEF-0FC6-45E0-AAAE-A34BB5D75EE4}.Debug|iPhone.Build.0 = Debug|Any CPU
		{AD97ECEF-0FC6-45E0-AAAE-A34BB5D75EE4}.Debug|iPhoneSimulator.ActiveCfg = Debug|Any CPU
		{AD97ECEF-0FC6-45E0-AAAE-A34BB5D75EE4}.Debug|iPhoneSimulator.Build.0 = Debug|Any CPU
		{AD97ECEF-0FC6-45E0-AAAE-A34BB5D75EE4}.Debug|x64.ActiveCfg = Debug|Any CPU
		{AD97ECEF-0FC6-45E0-AAAE-A34BB5D75EE4}.Debug|x64.Build.0 = Debug|Any CPU
		{AD97ECEF-0FC6-45E0-AAAE-A34BB5D75EE4}.Debug|x86.ActiveCfg = Debug|Any CPU
		{AD97ECEF-0FC6-45E0-AAAE-A34BB5D75EE4}.Debug|x86.Build.0 = Debug|Any CPU
		{AD97ECEF-0FC6-45E0-AAAE-A34BB5D75EE4}.Release|Any CPU.ActiveCfg = Release|Any CPU
		{AD97ECEF-0FC6-45E0-AAAE-A34BB5D75EE4}.Release|Any CPU.Build.0 = Release|Any CPU
		{AD97ECEF-0FC6-45E0-AAAE-A34BB5D75EE4}.Release|arm64.ActiveCfg = Release|Any CPU
		{AD97ECEF-0FC6-45E0-AAAE-A34BB5D75EE4}.Release|arm64.Build.0 = Release|Any CPU
		{AD97ECEF-0FC6-45E0-AAAE-A34BB5D75EE4}.Release|iPhone.ActiveCfg = Release|Any CPU
		{AD97ECEF-0FC6-45E0-AAAE-A34BB5D75EE4}.Release|iPhone.Build.0 = Release|Any CPU
		{AD97ECEF-0FC6-45E0-AAAE-A34BB5D75EE4}.Release|iPhoneSimulator.ActiveCfg = Release|Any CPU
		{AD97ECEF-0FC6-45E0-AAAE-A34BB5D75EE4}.Release|iPhoneSimulator.Build.0 = Release|Any CPU
		{AD97ECEF-0FC6-45E0-AAAE-A34BB5D75EE4}.Release|x64.ActiveCfg = Release|Any CPU
		{AD97ECEF-0FC6-45E0-AAAE-A34BB5D75EE4}.Release|x64.Build.0 = Release|Any CPU
		{AD97ECEF-0FC6-45E0-AAAE-A34BB5D75EE4}.Release|x86.ActiveCfg = Release|Any CPU
		{AD97ECEF-0FC6-45E0-AAAE-A34BB5D75EE4}.Release|x86.Build.0 = Release|Any CPU
		{C7C817FA-3E21-4FB9-B0E7-6907A8FA427D}.Debug|Any CPU.ActiveCfg = Debug|Any CPU
		{C7C817FA-3E21-4FB9-B0E7-6907A8FA427D}.Debug|Any CPU.Build.0 = Debug|Any CPU
		{C7C817FA-3E21-4FB9-B0E7-6907A8FA427D}.Debug|arm64.ActiveCfg = Debug|Any CPU
		{C7C817FA-3E21-4FB9-B0E7-6907A8FA427D}.Debug|arm64.Build.0 = Debug|Any CPU
		{C7C817FA-3E21-4FB9-B0E7-6907A8FA427D}.Debug|iPhone.ActiveCfg = Debug|Any CPU
		{C7C817FA-3E21-4FB9-B0E7-6907A8FA427D}.Debug|iPhone.Build.0 = Debug|Any CPU
		{C7C817FA-3E21-4FB9-B0E7-6907A8FA427D}.Debug|iPhoneSimulator.ActiveCfg = Debug|Any CPU
		{C7C817FA-3E21-4FB9-B0E7-6907A8FA427D}.Debug|iPhoneSimulator.Build.0 = Debug|Any CPU
		{C7C817FA-3E21-4FB9-B0E7-6907A8FA427D}.Debug|x64.ActiveCfg = Debug|Any CPU
		{C7C817FA-3E21-4FB9-B0E7-6907A8FA427D}.Debug|x64.Build.0 = Debug|Any CPU
		{C7C817FA-3E21-4FB9-B0E7-6907A8FA427D}.Debug|x86.ActiveCfg = Debug|Any CPU
		{C7C817FA-3E21-4FB9-B0E7-6907A8FA427D}.Debug|x86.Build.0 = Debug|Any CPU
		{C7C817FA-3E21-4FB9-B0E7-6907A8FA427D}.Release|Any CPU.ActiveCfg = Release|Any CPU
		{C7C817FA-3E21-4FB9-B0E7-6907A8FA427D}.Release|Any CPU.Build.0 = Release|Any CPU
		{C7C817FA-3E21-4FB9-B0E7-6907A8FA427D}.Release|arm64.ActiveCfg = Release|Any CPU
		{C7C817FA-3E21-4FB9-B0E7-6907A8FA427D}.Release|arm64.Build.0 = Release|Any CPU
		{C7C817FA-3E21-4FB9-B0E7-6907A8FA427D}.Release|iPhone.ActiveCfg = Release|Any CPU
		{C7C817FA-3E21-4FB9-B0E7-6907A8FA427D}.Release|iPhone.Build.0 = Release|Any CPU
		{C7C817FA-3E21-4FB9-B0E7-6907A8FA427D}.Release|iPhoneSimulator.ActiveCfg = Release|Any CPU
		{C7C817FA-3E21-4FB9-B0E7-6907A8FA427D}.Release|iPhoneSimulator.Build.0 = Release|Any CPU
		{C7C817FA-3E21-4FB9-B0E7-6907A8FA427D}.Release|x64.ActiveCfg = Release|Any CPU
		{C7C817FA-3E21-4FB9-B0E7-6907A8FA427D}.Release|x64.Build.0 = Release|Any CPU
		{C7C817FA-3E21-4FB9-B0E7-6907A8FA427D}.Release|x86.ActiveCfg = Release|Any CPU
		{C7C817FA-3E21-4FB9-B0E7-6907A8FA427D}.Release|x86.Build.0 = Release|Any CPU
		{7ABD51DF-3E19-4321-8197-CF22C10D50C7}.Debug|Any CPU.ActiveCfg = Debug|Any CPU
		{7ABD51DF-3E19-4321-8197-CF22C10D50C7}.Debug|Any CPU.Build.0 = Debug|Any CPU
		{7ABD51DF-3E19-4321-8197-CF22C10D50C7}.Debug|arm64.ActiveCfg = Debug|Any CPU
		{7ABD51DF-3E19-4321-8197-CF22C10D50C7}.Debug|arm64.Build.0 = Debug|Any CPU
		{7ABD51DF-3E19-4321-8197-CF22C10D50C7}.Debug|iPhone.ActiveCfg = Debug|Any CPU
		{7ABD51DF-3E19-4321-8197-CF22C10D50C7}.Debug|iPhone.Build.0 = Debug|Any CPU
		{7ABD51DF-3E19-4321-8197-CF22C10D50C7}.Debug|iPhoneSimulator.ActiveCfg = Debug|Any CPU
		{7ABD51DF-3E19-4321-8197-CF22C10D50C7}.Debug|iPhoneSimulator.Build.0 = Debug|Any CPU
		{7ABD51DF-3E19-4321-8197-CF22C10D50C7}.Debug|x64.ActiveCfg = Debug|Any CPU
		{7ABD51DF-3E19-4321-8197-CF22C10D50C7}.Debug|x64.Build.0 = Debug|Any CPU
		{7ABD51DF-3E19-4321-8197-CF22C10D50C7}.Debug|x86.ActiveCfg = Debug|Any CPU
		{7ABD51DF-3E19-4321-8197-CF22C10D50C7}.Debug|x86.Build.0 = Debug|Any CPU
		{7ABD51DF-3E19-4321-8197-CF22C10D50C7}.Release|Any CPU.ActiveCfg = Release|Any CPU
		{7ABD51DF-3E19-4321-8197-CF22C10D50C7}.Release|Any CPU.Build.0 = Release|Any CPU
		{7ABD51DF-3E19-4321-8197-CF22C10D50C7}.Release|arm64.ActiveCfg = Release|Any CPU
		{7ABD51DF-3E19-4321-8197-CF22C10D50C7}.Release|arm64.Build.0 = Release|Any CPU
		{7ABD51DF-3E19-4321-8197-CF22C10D50C7}.Release|iPhone.ActiveCfg = Release|Any CPU
		{7ABD51DF-3E19-4321-8197-CF22C10D50C7}.Release|iPhone.Build.0 = Release|Any CPU
		{7ABD51DF-3E19-4321-8197-CF22C10D50C7}.Release|iPhoneSimulator.ActiveCfg = Release|Any CPU
		{7ABD51DF-3E19-4321-8197-CF22C10D50C7}.Release|iPhoneSimulator.Build.0 = Release|Any CPU
		{7ABD51DF-3E19-4321-8197-CF22C10D50C7}.Release|x64.ActiveCfg = Release|Any CPU
		{7ABD51DF-3E19-4321-8197-CF22C10D50C7}.Release|x64.Build.0 = Release|Any CPU
		{7ABD51DF-3E19-4321-8197-CF22C10D50C7}.Release|x86.ActiveCfg = Release|Any CPU
		{7ABD51DF-3E19-4321-8197-CF22C10D50C7}.Release|x86.Build.0 = Release|Any CPU
		{5DA5A086-2F59-406A-AE31-EF1C76C9D7D8}.Debug|Any CPU.ActiveCfg = Debug|Any CPU
		{5DA5A086-2F59-406A-AE31-EF1C76C9D7D8}.Debug|Any CPU.Build.0 = Debug|Any CPU
		{5DA5A086-2F59-406A-AE31-EF1C76C9D7D8}.Debug|arm64.ActiveCfg = Debug|Any CPU
		{5DA5A086-2F59-406A-AE31-EF1C76C9D7D8}.Debug|arm64.Build.0 = Debug|Any CPU
		{5DA5A086-2F59-406A-AE31-EF1C76C9D7D8}.Debug|iPhone.ActiveCfg = Debug|Any CPU
		{5DA5A086-2F59-406A-AE31-EF1C76C9D7D8}.Debug|iPhone.Build.0 = Debug|Any CPU
		{5DA5A086-2F59-406A-AE31-EF1C76C9D7D8}.Debug|iPhoneSimulator.ActiveCfg = Debug|Any CPU
		{5DA5A086-2F59-406A-AE31-EF1C76C9D7D8}.Debug|iPhoneSimulator.Build.0 = Debug|Any CPU
		{5DA5A086-2F59-406A-AE31-EF1C76C9D7D8}.Debug|x64.ActiveCfg = Debug|Any CPU
		{5DA5A086-2F59-406A-AE31-EF1C76C9D7D8}.Debug|x64.Build.0 = Debug|Any CPU
		{5DA5A086-2F59-406A-AE31-EF1C76C9D7D8}.Debug|x86.ActiveCfg = Debug|Any CPU
		{5DA5A086-2F59-406A-AE31-EF1C76C9D7D8}.Debug|x86.Build.0 = Debug|Any CPU
		{5DA5A086-2F59-406A-AE31-EF1C76C9D7D8}.Release|Any CPU.ActiveCfg = Release|Any CPU
		{5DA5A086-2F59-406A-AE31-EF1C76C9D7D8}.Release|Any CPU.Build.0 = Release|Any CPU
		{5DA5A086-2F59-406A-AE31-EF1C76C9D7D8}.Release|arm64.ActiveCfg = Release|Any CPU
		{5DA5A086-2F59-406A-AE31-EF1C76C9D7D8}.Release|arm64.Build.0 = Release|Any CPU
		{5DA5A086-2F59-406A-AE31-EF1C76C9D7D8}.Release|iPhone.ActiveCfg = Release|Any CPU
		{5DA5A086-2F59-406A-AE31-EF1C76C9D7D8}.Release|iPhone.Build.0 = Release|Any CPU
		{5DA5A086-2F59-406A-AE31-EF1C76C9D7D8}.Release|iPhoneSimulator.ActiveCfg = Release|Any CPU
		{5DA5A086-2F59-406A-AE31-EF1C76C9D7D8}.Release|iPhoneSimulator.Build.0 = Release|Any CPU
		{5DA5A086-2F59-406A-AE31-EF1C76C9D7D8}.Release|x64.ActiveCfg = Release|Any CPU
		{5DA5A086-2F59-406A-AE31-EF1C76C9D7D8}.Release|x64.Build.0 = Release|Any CPU
		{5DA5A086-2F59-406A-AE31-EF1C76C9D7D8}.Release|x86.ActiveCfg = Release|Any CPU
		{5DA5A086-2F59-406A-AE31-EF1C76C9D7D8}.Release|x86.Build.0 = Release|Any CPU
		{74371957-F9A3-4C5E-8890-BF8E1087B79E}.Debug|Any CPU.ActiveCfg = Debug|Any CPU
		{74371957-F9A3-4C5E-8890-BF8E1087B79E}.Debug|Any CPU.Build.0 = Debug|Any CPU
		{74371957-F9A3-4C5E-8890-BF8E1087B79E}.Debug|arm64.ActiveCfg = Debug|Any CPU
		{74371957-F9A3-4C5E-8890-BF8E1087B79E}.Debug|arm64.Build.0 = Debug|Any CPU
		{74371957-F9A3-4C5E-8890-BF8E1087B79E}.Debug|iPhone.ActiveCfg = Debug|Any CPU
		{74371957-F9A3-4C5E-8890-BF8E1087B79E}.Debug|iPhone.Build.0 = Debug|Any CPU
		{74371957-F9A3-4C5E-8890-BF8E1087B79E}.Debug|iPhoneSimulator.ActiveCfg = Debug|Any CPU
		{74371957-F9A3-4C5E-8890-BF8E1087B79E}.Debug|iPhoneSimulator.Build.0 = Debug|Any CPU
		{74371957-F9A3-4C5E-8890-BF8E1087B79E}.Debug|x64.ActiveCfg = Debug|Any CPU
		{74371957-F9A3-4C5E-8890-BF8E1087B79E}.Debug|x64.Build.0 = Debug|Any CPU
		{74371957-F9A3-4C5E-8890-BF8E1087B79E}.Debug|x86.ActiveCfg = Debug|Any CPU
		{74371957-F9A3-4C5E-8890-BF8E1087B79E}.Debug|x86.Build.0 = Debug|Any CPU
		{74371957-F9A3-4C5E-8890-BF8E1087B79E}.Release|Any CPU.ActiveCfg = Release|Any CPU
		{74371957-F9A3-4C5E-8890-BF8E1087B79E}.Release|Any CPU.Build.0 = Release|Any CPU
		{74371957-F9A3-4C5E-8890-BF8E1087B79E}.Release|arm64.ActiveCfg = Release|Any CPU
		{74371957-F9A3-4C5E-8890-BF8E1087B79E}.Release|arm64.Build.0 = Release|Any CPU
		{74371957-F9A3-4C5E-8890-BF8E1087B79E}.Release|iPhone.ActiveCfg = Release|Any CPU
		{74371957-F9A3-4C5E-8890-BF8E1087B79E}.Release|iPhone.Build.0 = Release|Any CPU
		{74371957-F9A3-4C5E-8890-BF8E1087B79E}.Release|iPhoneSimulator.ActiveCfg = Release|Any CPU
		{74371957-F9A3-4C5E-8890-BF8E1087B79E}.Release|iPhoneSimulator.Build.0 = Release|Any CPU
		{74371957-F9A3-4C5E-8890-BF8E1087B79E}.Release|x64.ActiveCfg = Release|Any CPU
		{74371957-F9A3-4C5E-8890-BF8E1087B79E}.Release|x64.Build.0 = Release|Any CPU
		{74371957-F9A3-4C5E-8890-BF8E1087B79E}.Release|x86.ActiveCfg = Release|Any CPU
		{74371957-F9A3-4C5E-8890-BF8E1087B79E}.Release|x86.Build.0 = Release|Any CPU
		{17425C46-3145-4D2E-818A-01518FF71AD5}.Debug|Any CPU.ActiveCfg = Debug|Any CPU
		{17425C46-3145-4D2E-818A-01518FF71AD5}.Debug|Any CPU.Build.0 = Debug|Any CPU
		{17425C46-3145-4D2E-818A-01518FF71AD5}.Debug|arm64.ActiveCfg = Debug|Any CPU
		{17425C46-3145-4D2E-818A-01518FF71AD5}.Debug|arm64.Build.0 = Debug|Any CPU
		{17425C46-3145-4D2E-818A-01518FF71AD5}.Debug|iPhone.ActiveCfg = Debug|Any CPU
		{17425C46-3145-4D2E-818A-01518FF71AD5}.Debug|iPhone.Build.0 = Debug|Any CPU
		{17425C46-3145-4D2E-818A-01518FF71AD5}.Debug|iPhoneSimulator.ActiveCfg = Debug|Any CPU
		{17425C46-3145-4D2E-818A-01518FF71AD5}.Debug|iPhoneSimulator.Build.0 = Debug|Any CPU
		{17425C46-3145-4D2E-818A-01518FF71AD5}.Debug|x64.ActiveCfg = Debug|Any CPU
		{17425C46-3145-4D2E-818A-01518FF71AD5}.Debug|x64.Build.0 = Debug|Any CPU
		{17425C46-3145-4D2E-818A-01518FF71AD5}.Debug|x86.ActiveCfg = Debug|Any CPU
		{17425C46-3145-4D2E-818A-01518FF71AD5}.Debug|x86.Build.0 = Debug|Any CPU
		{17425C46-3145-4D2E-818A-01518FF71AD5}.Release|Any CPU.ActiveCfg = Release|Any CPU
		{17425C46-3145-4D2E-818A-01518FF71AD5}.Release|Any CPU.Build.0 = Release|Any CPU
		{17425C46-3145-4D2E-818A-01518FF71AD5}.Release|arm64.ActiveCfg = Release|Any CPU
		{17425C46-3145-4D2E-818A-01518FF71AD5}.Release|arm64.Build.0 = Release|Any CPU
		{17425C46-3145-4D2E-818A-01518FF71AD5}.Release|iPhone.ActiveCfg = Release|Any CPU
		{17425C46-3145-4D2E-818A-01518FF71AD5}.Release|iPhone.Build.0 = Release|Any CPU
		{17425C46-3145-4D2E-818A-01518FF71AD5}.Release|iPhoneSimulator.ActiveCfg = Release|Any CPU
		{17425C46-3145-4D2E-818A-01518FF71AD5}.Release|iPhoneSimulator.Build.0 = Release|Any CPU
		{17425C46-3145-4D2E-818A-01518FF71AD5}.Release|x64.ActiveCfg = Release|Any CPU
		{17425C46-3145-4D2E-818A-01518FF71AD5}.Release|x64.Build.0 = Release|Any CPU
		{17425C46-3145-4D2E-818A-01518FF71AD5}.Release|x86.ActiveCfg = Release|Any CPU
		{17425C46-3145-4D2E-818A-01518FF71AD5}.Release|x86.Build.0 = Release|Any CPU
		{14069E9B-B578-4014-A43B-C043185AEA07}.Debug|Any CPU.ActiveCfg = Debug|Any CPU
		{14069E9B-B578-4014-A43B-C043185AEA07}.Debug|Any CPU.Build.0 = Debug|Any CPU
		{14069E9B-B578-4014-A43B-C043185AEA07}.Debug|arm64.ActiveCfg = Debug|Any CPU
		{14069E9B-B578-4014-A43B-C043185AEA07}.Debug|arm64.Build.0 = Debug|Any CPU
		{14069E9B-B578-4014-A43B-C043185AEA07}.Debug|iPhone.ActiveCfg = Debug|Any CPU
		{14069E9B-B578-4014-A43B-C043185AEA07}.Debug|iPhone.Build.0 = Debug|Any CPU
		{14069E9B-B578-4014-A43B-C043185AEA07}.Debug|iPhoneSimulator.ActiveCfg = Debug|Any CPU
		{14069E9B-B578-4014-A43B-C043185AEA07}.Debug|iPhoneSimulator.Build.0 = Debug|Any CPU
		{14069E9B-B578-4014-A43B-C043185AEA07}.Debug|x64.ActiveCfg = Debug|Any CPU
		{14069E9B-B578-4014-A43B-C043185AEA07}.Debug|x64.Build.0 = Debug|Any CPU
		{14069E9B-B578-4014-A43B-C043185AEA07}.Debug|x86.ActiveCfg = Debug|Any CPU
		{14069E9B-B578-4014-A43B-C043185AEA07}.Debug|x86.Build.0 = Debug|Any CPU
		{14069E9B-B578-4014-A43B-C043185AEA07}.Release|Any CPU.ActiveCfg = Release|Any CPU
		{14069E9B-B578-4014-A43B-C043185AEA07}.Release|Any CPU.Build.0 = Release|Any CPU
		{14069E9B-B578-4014-A43B-C043185AEA07}.Release|arm64.ActiveCfg = Release|Any CPU
		{14069E9B-B578-4014-A43B-C043185AEA07}.Release|arm64.Build.0 = Release|Any CPU
		{14069E9B-B578-4014-A43B-C043185AEA07}.Release|iPhone.ActiveCfg = Release|Any CPU
		{14069E9B-B578-4014-A43B-C043185AEA07}.Release|iPhone.Build.0 = Release|Any CPU
		{14069E9B-B578-4014-A43B-C043185AEA07}.Release|iPhoneSimulator.ActiveCfg = Release|Any CPU
		{14069E9B-B578-4014-A43B-C043185AEA07}.Release|iPhoneSimulator.Build.0 = Release|Any CPU
		{14069E9B-B578-4014-A43B-C043185AEA07}.Release|x64.ActiveCfg = Release|Any CPU
		{14069E9B-B578-4014-A43B-C043185AEA07}.Release|x64.Build.0 = Release|Any CPU
		{14069E9B-B578-4014-A43B-C043185AEA07}.Release|x86.ActiveCfg = Release|Any CPU
		{14069E9B-B578-4014-A43B-C043185AEA07}.Release|x86.Build.0 = Release|Any CPU
		{CAA290BD-C129-442B-B64B-0AAA1F751551}.Debug|Any CPU.ActiveCfg = Debug|Any CPU
		{CAA290BD-C129-442B-B64B-0AAA1F751551}.Debug|Any CPU.Build.0 = Debug|Any CPU
		{CAA290BD-C129-442B-B64B-0AAA1F751551}.Debug|arm64.ActiveCfg = Debug|Any CPU
		{CAA290BD-C129-442B-B64B-0AAA1F751551}.Debug|arm64.Build.0 = Debug|Any CPU
		{CAA290BD-C129-442B-B64B-0AAA1F751551}.Debug|iPhone.ActiveCfg = Debug|Any CPU
		{CAA290BD-C129-442B-B64B-0AAA1F751551}.Debug|iPhone.Build.0 = Debug|Any CPU
		{CAA290BD-C129-442B-B64B-0AAA1F751551}.Debug|iPhoneSimulator.ActiveCfg = Debug|Any CPU
		{CAA290BD-C129-442B-B64B-0AAA1F751551}.Debug|iPhoneSimulator.Build.0 = Debug|Any CPU
		{CAA290BD-C129-442B-B64B-0AAA1F751551}.Debug|x64.ActiveCfg = Debug|Any CPU
		{CAA290BD-C129-442B-B64B-0AAA1F751551}.Debug|x64.Build.0 = Debug|Any CPU
		{CAA290BD-C129-442B-B64B-0AAA1F751551}.Debug|x86.ActiveCfg = Debug|Any CPU
		{CAA290BD-C129-442B-B64B-0AAA1F751551}.Debug|x86.Build.0 = Debug|Any CPU
		{CAA290BD-C129-442B-B64B-0AAA1F751551}.Release|Any CPU.ActiveCfg = Release|Any CPU
		{CAA290BD-C129-442B-B64B-0AAA1F751551}.Release|Any CPU.Build.0 = Release|Any CPU
		{CAA290BD-C129-442B-B64B-0AAA1F751551}.Release|arm64.ActiveCfg = Release|Any CPU
		{CAA290BD-C129-442B-B64B-0AAA1F751551}.Release|arm64.Build.0 = Release|Any CPU
		{CAA290BD-C129-442B-B64B-0AAA1F751551}.Release|iPhone.ActiveCfg = Release|Any CPU
		{CAA290BD-C129-442B-B64B-0AAA1F751551}.Release|iPhone.Build.0 = Release|Any CPU
		{CAA290BD-C129-442B-B64B-0AAA1F751551}.Release|iPhoneSimulator.ActiveCfg = Release|Any CPU
		{CAA290BD-C129-442B-B64B-0AAA1F751551}.Release|iPhoneSimulator.Build.0 = Release|Any CPU
		{CAA290BD-C129-442B-B64B-0AAA1F751551}.Release|x64.ActiveCfg = Release|Any CPU
		{CAA290BD-C129-442B-B64B-0AAA1F751551}.Release|x64.Build.0 = Release|Any CPU
		{CAA290BD-C129-442B-B64B-0AAA1F751551}.Release|x86.ActiveCfg = Release|Any CPU
		{CAA290BD-C129-442B-B64B-0AAA1F751551}.Release|x86.Build.0 = Release|Any CPU
		{A534D940-7E48-459B-8878-6074A733844D}.Debug|Any CPU.ActiveCfg = Debug|Any CPU
		{A534D940-7E48-459B-8878-6074A733844D}.Debug|Any CPU.Build.0 = Debug|Any CPU
		{A534D940-7E48-459B-8878-6074A733844D}.Debug|arm64.ActiveCfg = Debug|Any CPU
		{A534D940-7E48-459B-8878-6074A733844D}.Debug|arm64.Build.0 = Debug|Any CPU
		{A534D940-7E48-459B-8878-6074A733844D}.Debug|iPhone.ActiveCfg = Debug|Any CPU
		{A534D940-7E48-459B-8878-6074A733844D}.Debug|iPhone.Build.0 = Debug|Any CPU
		{A534D940-7E48-459B-8878-6074A733844D}.Debug|iPhoneSimulator.ActiveCfg = Debug|Any CPU
		{A534D940-7E48-459B-8878-6074A733844D}.Debug|iPhoneSimulator.Build.0 = Debug|Any CPU
		{A534D940-7E48-459B-8878-6074A733844D}.Debug|x64.ActiveCfg = Debug|Any CPU
		{A534D940-7E48-459B-8878-6074A733844D}.Debug|x64.Build.0 = Debug|Any CPU
		{A534D940-7E48-459B-8878-6074A733844D}.Debug|x86.ActiveCfg = Debug|Any CPU
		{A534D940-7E48-459B-8878-6074A733844D}.Debug|x86.Build.0 = Debug|Any CPU
		{A534D940-7E48-459B-8878-6074A733844D}.Release|Any CPU.ActiveCfg = Release|Any CPU
		{A534D940-7E48-459B-8878-6074A733844D}.Release|Any CPU.Build.0 = Release|Any CPU
		{A534D940-7E48-459B-8878-6074A733844D}.Release|arm64.ActiveCfg = Release|Any CPU
		{A534D940-7E48-459B-8878-6074A733844D}.Release|arm64.Build.0 = Release|Any CPU
		{A534D940-7E48-459B-8878-6074A733844D}.Release|iPhone.ActiveCfg = Release|Any CPU
		{A534D940-7E48-459B-8878-6074A733844D}.Release|iPhone.Build.0 = Release|Any CPU
		{A534D940-7E48-459B-8878-6074A733844D}.Release|iPhoneSimulator.ActiveCfg = Release|Any CPU
		{A534D940-7E48-459B-8878-6074A733844D}.Release|iPhoneSimulator.Build.0 = Release|Any CPU
		{A534D940-7E48-459B-8878-6074A733844D}.Release|x64.ActiveCfg = Release|Any CPU
		{A534D940-7E48-459B-8878-6074A733844D}.Release|x64.Build.0 = Release|Any CPU
		{A534D940-7E48-459B-8878-6074A733844D}.Release|x86.ActiveCfg = Release|Any CPU
		{A534D940-7E48-459B-8878-6074A733844D}.Release|x86.Build.0 = Release|Any CPU
		{3A89D65C-BC9D-4075-9980-6F91171FDBB4}.Debug|Any CPU.ActiveCfg = Debug|Any CPU
		{3A89D65C-BC9D-4075-9980-6F91171FDBB4}.Debug|Any CPU.Build.0 = Debug|Any CPU
		{3A89D65C-BC9D-4075-9980-6F91171FDBB4}.Debug|arm64.ActiveCfg = Debug|Any CPU
		{3A89D65C-BC9D-4075-9980-6F91171FDBB4}.Debug|arm64.Build.0 = Debug|Any CPU
		{3A89D65C-BC9D-4075-9980-6F91171FDBB4}.Debug|iPhone.ActiveCfg = Debug|Any CPU
		{3A89D65C-BC9D-4075-9980-6F91171FDBB4}.Debug|iPhone.Build.0 = Debug|Any CPU
		{3A89D65C-BC9D-4075-9980-6F91171FDBB4}.Debug|iPhoneSimulator.ActiveCfg = Debug|Any CPU
		{3A89D65C-BC9D-4075-9980-6F91171FDBB4}.Debug|iPhoneSimulator.Build.0 = Debug|Any CPU
		{3A89D65C-BC9D-4075-9980-6F91171FDBB4}.Debug|x64.ActiveCfg = Debug|Any CPU
		{3A89D65C-BC9D-4075-9980-6F91171FDBB4}.Debug|x64.Build.0 = Debug|Any CPU
		{3A89D65C-BC9D-4075-9980-6F91171FDBB4}.Debug|x86.ActiveCfg = Debug|Any CPU
		{3A89D65C-BC9D-4075-9980-6F91171FDBB4}.Debug|x86.Build.0 = Debug|Any CPU
		{3A89D65C-BC9D-4075-9980-6F91171FDBB4}.Release|Any CPU.ActiveCfg = Release|Any CPU
		{3A89D65C-BC9D-4075-9980-6F91171FDBB4}.Release|Any CPU.Build.0 = Release|Any CPU
		{3A89D65C-BC9D-4075-9980-6F91171FDBB4}.Release|arm64.ActiveCfg = Release|Any CPU
		{3A89D65C-BC9D-4075-9980-6F91171FDBB4}.Release|arm64.Build.0 = Release|Any CPU
		{3A89D65C-BC9D-4075-9980-6F91171FDBB4}.Release|iPhone.ActiveCfg = Release|Any CPU
		{3A89D65C-BC9D-4075-9980-6F91171FDBB4}.Release|iPhone.Build.0 = Release|Any CPU
		{3A89D65C-BC9D-4075-9980-6F91171FDBB4}.Release|iPhoneSimulator.ActiveCfg = Release|Any CPU
		{3A89D65C-BC9D-4075-9980-6F91171FDBB4}.Release|iPhoneSimulator.Build.0 = Release|Any CPU
		{3A89D65C-BC9D-4075-9980-6F91171FDBB4}.Release|x64.ActiveCfg = Release|Any CPU
		{3A89D65C-BC9D-4075-9980-6F91171FDBB4}.Release|x64.Build.0 = Release|Any CPU
		{3A89D65C-BC9D-4075-9980-6F91171FDBB4}.Release|x86.ActiveCfg = Release|Any CPU
		{3A89D65C-BC9D-4075-9980-6F91171FDBB4}.Release|x86.Build.0 = Release|Any CPU
		{E9977349-87F8-4CFB-B00D-7FB856AB3DBD}.Debug|Any CPU.ActiveCfg = Debug|Any CPU
		{E9977349-87F8-4CFB-B00D-7FB856AB3DBD}.Debug|Any CPU.Build.0 = Debug|Any CPU
		{E9977349-87F8-4CFB-B00D-7FB856AB3DBD}.Debug|arm64.ActiveCfg = Debug|Any CPU
		{E9977349-87F8-4CFB-B00D-7FB856AB3DBD}.Debug|arm64.Build.0 = Debug|Any CPU
		{E9977349-87F8-4CFB-B00D-7FB856AB3DBD}.Debug|iPhone.ActiveCfg = Debug|Any CPU
		{E9977349-87F8-4CFB-B00D-7FB856AB3DBD}.Debug|iPhone.Build.0 = Debug|Any CPU
		{E9977349-87F8-4CFB-B00D-7FB856AB3DBD}.Debug|iPhoneSimulator.ActiveCfg = Debug|Any CPU
		{E9977349-87F8-4CFB-B00D-7FB856AB3DBD}.Debug|iPhoneSimulator.Build.0 = Debug|Any CPU
		{E9977349-87F8-4CFB-B00D-7FB856AB3DBD}.Debug|x64.ActiveCfg = Debug|Any CPU
		{E9977349-87F8-4CFB-B00D-7FB856AB3DBD}.Debug|x64.Build.0 = Debug|Any CPU
		{E9977349-87F8-4CFB-B00D-7FB856AB3DBD}.Debug|x86.ActiveCfg = Debug|Any CPU
		{E9977349-87F8-4CFB-B00D-7FB856AB3DBD}.Debug|x86.Build.0 = Debug|Any CPU
		{E9977349-87F8-4CFB-B00D-7FB856AB3DBD}.Release|Any CPU.ActiveCfg = Release|Any CPU
		{E9977349-87F8-4CFB-B00D-7FB856AB3DBD}.Release|Any CPU.Build.0 = Release|Any CPU
		{E9977349-87F8-4CFB-B00D-7FB856AB3DBD}.Release|arm64.ActiveCfg = Release|Any CPU
		{E9977349-87F8-4CFB-B00D-7FB856AB3DBD}.Release|arm64.Build.0 = Release|Any CPU
		{E9977349-87F8-4CFB-B00D-7FB856AB3DBD}.Release|iPhone.ActiveCfg = Release|Any CPU
		{E9977349-87F8-4CFB-B00D-7FB856AB3DBD}.Release|iPhone.Build.0 = Release|Any CPU
		{E9977349-87F8-4CFB-B00D-7FB856AB3DBD}.Release|iPhoneSimulator.ActiveCfg = Release|Any CPU
		{E9977349-87F8-4CFB-B00D-7FB856AB3DBD}.Release|iPhoneSimulator.Build.0 = Release|Any CPU
		{E9977349-87F8-4CFB-B00D-7FB856AB3DBD}.Release|x64.ActiveCfg = Release|Any CPU
		{E9977349-87F8-4CFB-B00D-7FB856AB3DBD}.Release|x64.Build.0 = Release|Any CPU
		{E9977349-87F8-4CFB-B00D-7FB856AB3DBD}.Release|x86.ActiveCfg = Release|Any CPU
		{E9977349-87F8-4CFB-B00D-7FB856AB3DBD}.Release|x86.Build.0 = Release|Any CPU
		{D68657B7-ED14-4D55-84C8-2529D0027427}.Debug|Any CPU.ActiveCfg = Debug|Any CPU
		{D68657B7-ED14-4D55-84C8-2529D0027427}.Debug|Any CPU.Build.0 = Debug|Any CPU
		{D68657B7-ED14-4D55-84C8-2529D0027427}.Debug|arm64.ActiveCfg = Debug|Any CPU
		{D68657B7-ED14-4D55-84C8-2529D0027427}.Debug|arm64.Build.0 = Debug|Any CPU
		{D68657B7-ED14-4D55-84C8-2529D0027427}.Debug|iPhone.ActiveCfg = Debug|Any CPU
		{D68657B7-ED14-4D55-84C8-2529D0027427}.Debug|iPhone.Build.0 = Debug|Any CPU
		{D68657B7-ED14-4D55-84C8-2529D0027427}.Debug|iPhoneSimulator.ActiveCfg = Debug|Any CPU
		{D68657B7-ED14-4D55-84C8-2529D0027427}.Debug|iPhoneSimulator.Build.0 = Debug|Any CPU
		{D68657B7-ED14-4D55-84C8-2529D0027427}.Debug|x64.ActiveCfg = Debug|Any CPU
		{D68657B7-ED14-4D55-84C8-2529D0027427}.Debug|x64.Build.0 = Debug|Any CPU
		{D68657B7-ED14-4D55-84C8-2529D0027427}.Debug|x86.ActiveCfg = Debug|Any CPU
		{D68657B7-ED14-4D55-84C8-2529D0027427}.Debug|x86.Build.0 = Debug|Any CPU
		{D68657B7-ED14-4D55-84C8-2529D0027427}.Release|Any CPU.ActiveCfg = Release|Any CPU
		{D68657B7-ED14-4D55-84C8-2529D0027427}.Release|Any CPU.Build.0 = Release|Any CPU
		{D68657B7-ED14-4D55-84C8-2529D0027427}.Release|arm64.ActiveCfg = Release|Any CPU
		{D68657B7-ED14-4D55-84C8-2529D0027427}.Release|arm64.Build.0 = Release|Any CPU
		{D68657B7-ED14-4D55-84C8-2529D0027427}.Release|iPhone.ActiveCfg = Release|Any CPU
		{D68657B7-ED14-4D55-84C8-2529D0027427}.Release|iPhone.Build.0 = Release|Any CPU
		{D68657B7-ED14-4D55-84C8-2529D0027427}.Release|iPhoneSimulator.ActiveCfg = Release|Any CPU
		{D68657B7-ED14-4D55-84C8-2529D0027427}.Release|iPhoneSimulator.Build.0 = Release|Any CPU
		{D68657B7-ED14-4D55-84C8-2529D0027427}.Release|x64.ActiveCfg = Release|Any CPU
		{D68657B7-ED14-4D55-84C8-2529D0027427}.Release|x64.Build.0 = Release|Any CPU
		{D68657B7-ED14-4D55-84C8-2529D0027427}.Release|x86.ActiveCfg = Release|Any CPU
		{D68657B7-ED14-4D55-84C8-2529D0027427}.Release|x86.Build.0 = Release|Any CPU
		{4E406F74-DB90-46FA-8337-89A599ABE967}.Debug|Any CPU.ActiveCfg = Debug|Any CPU
		{4E406F74-DB90-46FA-8337-89A599ABE967}.Debug|Any CPU.Build.0 = Debug|Any CPU
		{4E406F74-DB90-46FA-8337-89A599ABE967}.Debug|arm64.ActiveCfg = Debug|Any CPU
		{4E406F74-DB90-46FA-8337-89A599ABE967}.Debug|arm64.Build.0 = Debug|Any CPU
		{4E406F74-DB90-46FA-8337-89A599ABE967}.Debug|iPhone.ActiveCfg = Debug|Any CPU
		{4E406F74-DB90-46FA-8337-89A599ABE967}.Debug|iPhone.Build.0 = Debug|Any CPU
		{4E406F74-DB90-46FA-8337-89A599ABE967}.Debug|iPhoneSimulator.ActiveCfg = Debug|Any CPU
		{4E406F74-DB90-46FA-8337-89A599ABE967}.Debug|iPhoneSimulator.Build.0 = Debug|Any CPU
		{4E406F74-DB90-46FA-8337-89A599ABE967}.Debug|x64.ActiveCfg = Debug|Any CPU
		{4E406F74-DB90-46FA-8337-89A599ABE967}.Debug|x64.Build.0 = Debug|Any CPU
		{4E406F74-DB90-46FA-8337-89A599ABE967}.Debug|x86.ActiveCfg = Debug|Any CPU
		{4E406F74-DB90-46FA-8337-89A599ABE967}.Debug|x86.Build.0 = Debug|Any CPU
		{4E406F74-DB90-46FA-8337-89A599ABE967}.Release|Any CPU.ActiveCfg = Release|Any CPU
		{4E406F74-DB90-46FA-8337-89A599ABE967}.Release|Any CPU.Build.0 = Release|Any CPU
		{4E406F74-DB90-46FA-8337-89A599ABE967}.Release|arm64.ActiveCfg = Release|Any CPU
		{4E406F74-DB90-46FA-8337-89A599ABE967}.Release|arm64.Build.0 = Release|Any CPU
		{4E406F74-DB90-46FA-8337-89A599ABE967}.Release|iPhone.ActiveCfg = Release|Any CPU
		{4E406F74-DB90-46FA-8337-89A599ABE967}.Release|iPhone.Build.0 = Release|Any CPU
		{4E406F74-DB90-46FA-8337-89A599ABE967}.Release|iPhoneSimulator.ActiveCfg = Release|Any CPU
		{4E406F74-DB90-46FA-8337-89A599ABE967}.Release|iPhoneSimulator.Build.0 = Release|Any CPU
		{4E406F74-DB90-46FA-8337-89A599ABE967}.Release|x64.ActiveCfg = Release|Any CPU
		{4E406F74-DB90-46FA-8337-89A599ABE967}.Release|x64.Build.0 = Release|Any CPU
		{4E406F74-DB90-46FA-8337-89A599ABE967}.Release|x86.ActiveCfg = Release|Any CPU
		{4E406F74-DB90-46FA-8337-89A599ABE967}.Release|x86.Build.0 = Release|Any CPU
		{591058DC-5E6F-45AD-A541-51AB926BD200}.Debug|Any CPU.ActiveCfg = Debug|Any CPU
		{591058DC-5E6F-45AD-A541-51AB926BD200}.Debug|Any CPU.Build.0 = Debug|Any CPU
		{591058DC-5E6F-45AD-A541-51AB926BD200}.Debug|arm64.ActiveCfg = Debug|Any CPU
		{591058DC-5E6F-45AD-A541-51AB926BD200}.Debug|arm64.Build.0 = Debug|Any CPU
		{591058DC-5E6F-45AD-A541-51AB926BD200}.Debug|iPhone.ActiveCfg = Debug|Any CPU
		{591058DC-5E6F-45AD-A541-51AB926BD200}.Debug|iPhone.Build.0 = Debug|Any CPU
		{591058DC-5E6F-45AD-A541-51AB926BD200}.Debug|iPhoneSimulator.ActiveCfg = Debug|Any CPU
		{591058DC-5E6F-45AD-A541-51AB926BD200}.Debug|iPhoneSimulator.Build.0 = Debug|Any CPU
		{591058DC-5E6F-45AD-A541-51AB926BD200}.Debug|x64.ActiveCfg = Debug|Any CPU
		{591058DC-5E6F-45AD-A541-51AB926BD200}.Debug|x64.Build.0 = Debug|Any CPU
		{591058DC-5E6F-45AD-A541-51AB926BD200}.Debug|x86.ActiveCfg = Debug|Any CPU
		{591058DC-5E6F-45AD-A541-51AB926BD200}.Debug|x86.Build.0 = Debug|Any CPU
		{591058DC-5E6F-45AD-A541-51AB926BD200}.Release|Any CPU.ActiveCfg = Release|Any CPU
		{591058DC-5E6F-45AD-A541-51AB926BD200}.Release|Any CPU.Build.0 = Release|Any CPU
		{591058DC-5E6F-45AD-A541-51AB926BD200}.Release|arm64.ActiveCfg = Release|Any CPU
		{591058DC-5E6F-45AD-A541-51AB926BD200}.Release|arm64.Build.0 = Release|Any CPU
		{591058DC-5E6F-45AD-A541-51AB926BD200}.Release|iPhone.ActiveCfg = Release|Any CPU
		{591058DC-5E6F-45AD-A541-51AB926BD200}.Release|iPhone.Build.0 = Release|Any CPU
		{591058DC-5E6F-45AD-A541-51AB926BD200}.Release|iPhoneSimulator.ActiveCfg = Release|Any CPU
		{591058DC-5E6F-45AD-A541-51AB926BD200}.Release|iPhoneSimulator.Build.0 = Release|Any CPU
		{591058DC-5E6F-45AD-A541-51AB926BD200}.Release|x64.ActiveCfg = Release|Any CPU
		{591058DC-5E6F-45AD-A541-51AB926BD200}.Release|x64.Build.0 = Release|Any CPU
		{591058DC-5E6F-45AD-A541-51AB926BD200}.Release|x86.ActiveCfg = Release|Any CPU
		{591058DC-5E6F-45AD-A541-51AB926BD200}.Release|x86.Build.0 = Release|Any CPU
		{01BE185B-F171-4E79-9561-4EEF2826797A}.Debug|Any CPU.ActiveCfg = Debug|Any CPU
		{01BE185B-F171-4E79-9561-4EEF2826797A}.Debug|Any CPU.Build.0 = Debug|Any CPU
		{01BE185B-F171-4E79-9561-4EEF2826797A}.Debug|arm64.ActiveCfg = Debug|Any CPU
		{01BE185B-F171-4E79-9561-4EEF2826797A}.Debug|arm64.Build.0 = Debug|Any CPU
		{01BE185B-F171-4E79-9561-4EEF2826797A}.Debug|iPhone.ActiveCfg = Debug|Any CPU
		{01BE185B-F171-4E79-9561-4EEF2826797A}.Debug|iPhone.Build.0 = Debug|Any CPU
		{01BE185B-F171-4E79-9561-4EEF2826797A}.Debug|iPhoneSimulator.ActiveCfg = Debug|Any CPU
		{01BE185B-F171-4E79-9561-4EEF2826797A}.Debug|iPhoneSimulator.Build.0 = Debug|Any CPU
		{01BE185B-F171-4E79-9561-4EEF2826797A}.Debug|x64.ActiveCfg = Debug|Any CPU
		{01BE185B-F171-4E79-9561-4EEF2826797A}.Debug|x64.Build.0 = Debug|Any CPU
		{01BE185B-F171-4E79-9561-4EEF2826797A}.Debug|x86.ActiveCfg = Debug|Any CPU
		{01BE185B-F171-4E79-9561-4EEF2826797A}.Debug|x86.Build.0 = Debug|Any CPU
		{01BE185B-F171-4E79-9561-4EEF2826797A}.Release|Any CPU.ActiveCfg = Release|Any CPU
		{01BE185B-F171-4E79-9561-4EEF2826797A}.Release|Any CPU.Build.0 = Release|Any CPU
		{01BE185B-F171-4E79-9561-4EEF2826797A}.Release|arm64.ActiveCfg = Release|Any CPU
		{01BE185B-F171-4E79-9561-4EEF2826797A}.Release|arm64.Build.0 = Release|Any CPU
		{01BE185B-F171-4E79-9561-4EEF2826797A}.Release|iPhone.ActiveCfg = Release|Any CPU
		{01BE185B-F171-4E79-9561-4EEF2826797A}.Release|iPhone.Build.0 = Release|Any CPU
		{01BE185B-F171-4E79-9561-4EEF2826797A}.Release|iPhoneSimulator.ActiveCfg = Release|Any CPU
		{01BE185B-F171-4E79-9561-4EEF2826797A}.Release|iPhoneSimulator.Build.0 = Release|Any CPU
		{01BE185B-F171-4E79-9561-4EEF2826797A}.Release|x64.ActiveCfg = Release|Any CPU
		{01BE185B-F171-4E79-9561-4EEF2826797A}.Release|x64.Build.0 = Release|Any CPU
		{01BE185B-F171-4E79-9561-4EEF2826797A}.Release|x86.ActiveCfg = Release|Any CPU
		{01BE185B-F171-4E79-9561-4EEF2826797A}.Release|x86.Build.0 = Release|Any CPU
		{10F7A062-441C-4E7A-B7E4-182682388592}.Debug|Any CPU.ActiveCfg = Debug|Any CPU
		{10F7A062-441C-4E7A-B7E4-182682388592}.Debug|Any CPU.Build.0 = Debug|Any CPU
		{10F7A062-441C-4E7A-B7E4-182682388592}.Debug|arm64.ActiveCfg = Debug|Any CPU
		{10F7A062-441C-4E7A-B7E4-182682388592}.Debug|arm64.Build.0 = Debug|Any CPU
		{10F7A062-441C-4E7A-B7E4-182682388592}.Debug|iPhone.ActiveCfg = Debug|Any CPU
		{10F7A062-441C-4E7A-B7E4-182682388592}.Debug|iPhone.Build.0 = Debug|Any CPU
		{10F7A062-441C-4E7A-B7E4-182682388592}.Debug|iPhoneSimulator.ActiveCfg = Debug|Any CPU
		{10F7A062-441C-4E7A-B7E4-182682388592}.Debug|iPhoneSimulator.Build.0 = Debug|Any CPU
		{10F7A062-441C-4E7A-B7E4-182682388592}.Debug|x64.ActiveCfg = Debug|Any CPU
		{10F7A062-441C-4E7A-B7E4-182682388592}.Debug|x64.Build.0 = Debug|Any CPU
		{10F7A062-441C-4E7A-B7E4-182682388592}.Debug|x86.ActiveCfg = Debug|Any CPU
		{10F7A062-441C-4E7A-B7E4-182682388592}.Debug|x86.Build.0 = Debug|Any CPU
		{10F7A062-441C-4E7A-B7E4-182682388592}.Release|Any CPU.ActiveCfg = Release|Any CPU
		{10F7A062-441C-4E7A-B7E4-182682388592}.Release|Any CPU.Build.0 = Release|Any CPU
		{10F7A062-441C-4E7A-B7E4-182682388592}.Release|arm64.ActiveCfg = Release|Any CPU
		{10F7A062-441C-4E7A-B7E4-182682388592}.Release|arm64.Build.0 = Release|Any CPU
		{10F7A062-441C-4E7A-B7E4-182682388592}.Release|iPhone.ActiveCfg = Release|Any CPU
		{10F7A062-441C-4E7A-B7E4-182682388592}.Release|iPhone.Build.0 = Release|Any CPU
		{10F7A062-441C-4E7A-B7E4-182682388592}.Release|iPhoneSimulator.ActiveCfg = Release|Any CPU
		{10F7A062-441C-4E7A-B7E4-182682388592}.Release|iPhoneSimulator.Build.0 = Release|Any CPU
		{10F7A062-441C-4E7A-B7E4-182682388592}.Release|x64.ActiveCfg = Release|Any CPU
		{10F7A062-441C-4E7A-B7E4-182682388592}.Release|x64.Build.0 = Release|Any CPU
		{10F7A062-441C-4E7A-B7E4-182682388592}.Release|x86.ActiveCfg = Release|Any CPU
		{10F7A062-441C-4E7A-B7E4-182682388592}.Release|x86.Build.0 = Release|Any CPU
		{9026566E-6D11-448D-A421-1E9CFA1DB99B}.Debug|Any CPU.ActiveCfg = Debug|Any CPU
		{9026566E-6D11-448D-A421-1E9CFA1DB99B}.Debug|Any CPU.Build.0 = Debug|Any CPU
		{9026566E-6D11-448D-A421-1E9CFA1DB99B}.Debug|arm64.ActiveCfg = Debug|Any CPU
		{9026566E-6D11-448D-A421-1E9CFA1DB99B}.Debug|arm64.Build.0 = Debug|Any CPU
		{9026566E-6D11-448D-A421-1E9CFA1DB99B}.Debug|iPhone.ActiveCfg = Debug|Any CPU
		{9026566E-6D11-448D-A421-1E9CFA1DB99B}.Debug|iPhone.Build.0 = Debug|Any CPU
		{9026566E-6D11-448D-A421-1E9CFA1DB99B}.Debug|iPhoneSimulator.ActiveCfg = Debug|Any CPU
		{9026566E-6D11-448D-A421-1E9CFA1DB99B}.Debug|iPhoneSimulator.Build.0 = Debug|Any CPU
		{9026566E-6D11-448D-A421-1E9CFA1DB99B}.Debug|x64.ActiveCfg = Debug|Any CPU
		{9026566E-6D11-448D-A421-1E9CFA1DB99B}.Debug|x64.Build.0 = Debug|Any CPU
		{9026566E-6D11-448D-A421-1E9CFA1DB99B}.Debug|x86.ActiveCfg = Debug|Any CPU
		{9026566E-6D11-448D-A421-1E9CFA1DB99B}.Debug|x86.Build.0 = Debug|Any CPU
		{9026566E-6D11-448D-A421-1E9CFA1DB99B}.Release|Any CPU.ActiveCfg = Release|Any CPU
		{9026566E-6D11-448D-A421-1E9CFA1DB99B}.Release|Any CPU.Build.0 = Release|Any CPU
		{9026566E-6D11-448D-A421-1E9CFA1DB99B}.Release|arm64.ActiveCfg = Release|Any CPU
		{9026566E-6D11-448D-A421-1E9CFA1DB99B}.Release|arm64.Build.0 = Release|Any CPU
		{9026566E-6D11-448D-A421-1E9CFA1DB99B}.Release|iPhone.ActiveCfg = Release|Any CPU
		{9026566E-6D11-448D-A421-1E9CFA1DB99B}.Release|iPhone.Build.0 = Release|Any CPU
		{9026566E-6D11-448D-A421-1E9CFA1DB99B}.Release|iPhoneSimulator.ActiveCfg = Release|Any CPU
		{9026566E-6D11-448D-A421-1E9CFA1DB99B}.Release|iPhoneSimulator.Build.0 = Release|Any CPU
		{9026566E-6D11-448D-A421-1E9CFA1DB99B}.Release|x64.ActiveCfg = Release|Any CPU
		{9026566E-6D11-448D-A421-1E9CFA1DB99B}.Release|x64.Build.0 = Release|Any CPU
		{9026566E-6D11-448D-A421-1E9CFA1DB99B}.Release|x86.ActiveCfg = Release|Any CPU
		{9026566E-6D11-448D-A421-1E9CFA1DB99B}.Release|x86.Build.0 = Release|Any CPU
		{62A9AC04-FEF9-4463-9E3B-F1A865CA4BFE}.Debug|Any CPU.ActiveCfg = Debug|Any CPU
		{62A9AC04-FEF9-4463-9E3B-F1A865CA4BFE}.Debug|Any CPU.Build.0 = Debug|Any CPU
		{62A9AC04-FEF9-4463-9E3B-F1A865CA4BFE}.Debug|arm64.ActiveCfg = Debug|Any CPU
		{62A9AC04-FEF9-4463-9E3B-F1A865CA4BFE}.Debug|arm64.Build.0 = Debug|Any CPU
		{62A9AC04-FEF9-4463-9E3B-F1A865CA4BFE}.Debug|iPhone.ActiveCfg = Debug|Any CPU
		{62A9AC04-FEF9-4463-9E3B-F1A865CA4BFE}.Debug|iPhone.Build.0 = Debug|Any CPU
		{62A9AC04-FEF9-4463-9E3B-F1A865CA4BFE}.Debug|iPhoneSimulator.ActiveCfg = Debug|Any CPU
		{62A9AC04-FEF9-4463-9E3B-F1A865CA4BFE}.Debug|iPhoneSimulator.Build.0 = Debug|Any CPU
		{62A9AC04-FEF9-4463-9E3B-F1A865CA4BFE}.Debug|x64.ActiveCfg = Debug|Any CPU
		{62A9AC04-FEF9-4463-9E3B-F1A865CA4BFE}.Debug|x64.Build.0 = Debug|Any CPU
		{62A9AC04-FEF9-4463-9E3B-F1A865CA4BFE}.Debug|x86.ActiveCfg = Debug|Any CPU
		{62A9AC04-FEF9-4463-9E3B-F1A865CA4BFE}.Debug|x86.Build.0 = Debug|Any CPU
		{62A9AC04-FEF9-4463-9E3B-F1A865CA4BFE}.Release|Any CPU.ActiveCfg = Release|Any CPU
		{62A9AC04-FEF9-4463-9E3B-F1A865CA4BFE}.Release|Any CPU.Build.0 = Release|Any CPU
		{62A9AC04-FEF9-4463-9E3B-F1A865CA4BFE}.Release|arm64.ActiveCfg = Release|Any CPU
		{62A9AC04-FEF9-4463-9E3B-F1A865CA4BFE}.Release|arm64.Build.0 = Release|Any CPU
		{62A9AC04-FEF9-4463-9E3B-F1A865CA4BFE}.Release|iPhone.ActiveCfg = Release|Any CPU
		{62A9AC04-FEF9-4463-9E3B-F1A865CA4BFE}.Release|iPhone.Build.0 = Release|Any CPU
		{62A9AC04-FEF9-4463-9E3B-F1A865CA4BFE}.Release|iPhoneSimulator.ActiveCfg = Release|Any CPU
		{62A9AC04-FEF9-4463-9E3B-F1A865CA4BFE}.Release|iPhoneSimulator.Build.0 = Release|Any CPU
		{62A9AC04-FEF9-4463-9E3B-F1A865CA4BFE}.Release|x64.ActiveCfg = Release|Any CPU
		{62A9AC04-FEF9-4463-9E3B-F1A865CA4BFE}.Release|x64.Build.0 = Release|Any CPU
		{62A9AC04-FEF9-4463-9E3B-F1A865CA4BFE}.Release|x86.ActiveCfg = Release|Any CPU
		{62A9AC04-FEF9-4463-9E3B-F1A865CA4BFE}.Release|x86.Build.0 = Release|Any CPU
		{56A62C76-56A7-415B-A297-D965BF1359EB}.Debug|Any CPU.ActiveCfg = Debug|Any CPU
		{56A62C76-56A7-415B-A297-D965BF1359EB}.Debug|Any CPU.Build.0 = Debug|Any CPU
		{56A62C76-56A7-415B-A297-D965BF1359EB}.Debug|arm64.ActiveCfg = Debug|Any CPU
		{56A62C76-56A7-415B-A297-D965BF1359EB}.Debug|arm64.Build.0 = Debug|Any CPU
		{56A62C76-56A7-415B-A297-D965BF1359EB}.Debug|iPhone.ActiveCfg = Debug|Any CPU
		{56A62C76-56A7-415B-A297-D965BF1359EB}.Debug|iPhone.Build.0 = Debug|Any CPU
		{56A62C76-56A7-415B-A297-D965BF1359EB}.Debug|iPhoneSimulator.ActiveCfg = Debug|Any CPU
		{56A62C76-56A7-415B-A297-D965BF1359EB}.Debug|iPhoneSimulator.Build.0 = Debug|Any CPU
		{56A62C76-56A7-415B-A297-D965BF1359EB}.Debug|x64.ActiveCfg = Debug|Any CPU
		{56A62C76-56A7-415B-A297-D965BF1359EB}.Debug|x64.Build.0 = Debug|Any CPU
		{56A62C76-56A7-415B-A297-D965BF1359EB}.Debug|x86.ActiveCfg = Debug|Any CPU
		{56A62C76-56A7-415B-A297-D965BF1359EB}.Debug|x86.Build.0 = Debug|Any CPU
		{56A62C76-56A7-415B-A297-D965BF1359EB}.Release|Any CPU.ActiveCfg = Release|Any CPU
		{56A62C76-56A7-415B-A297-D965BF1359EB}.Release|Any CPU.Build.0 = Release|Any CPU
		{56A62C76-56A7-415B-A297-D965BF1359EB}.Release|arm64.ActiveCfg = Release|Any CPU
		{56A62C76-56A7-415B-A297-D965BF1359EB}.Release|arm64.Build.0 = Release|Any CPU
		{56A62C76-56A7-415B-A297-D965BF1359EB}.Release|iPhone.ActiveCfg = Release|Any CPU
		{56A62C76-56A7-415B-A297-D965BF1359EB}.Release|iPhone.Build.0 = Release|Any CPU
		{56A62C76-56A7-415B-A297-D965BF1359EB}.Release|iPhoneSimulator.ActiveCfg = Release|Any CPU
		{56A62C76-56A7-415B-A297-D965BF1359EB}.Release|iPhoneSimulator.Build.0 = Release|Any CPU
		{56A62C76-56A7-415B-A297-D965BF1359EB}.Release|x64.ActiveCfg = Release|Any CPU
		{56A62C76-56A7-415B-A297-D965BF1359EB}.Release|x64.Build.0 = Release|Any CPU
		{56A62C76-56A7-415B-A297-D965BF1359EB}.Release|x86.ActiveCfg = Release|Any CPU
		{56A62C76-56A7-415B-A297-D965BF1359EB}.Release|x86.Build.0 = Release|Any CPU
		{F67F73BE-4609-42E7-91E7-F8DA92CDC25B}.Debug|Any CPU.ActiveCfg = Debug|Any CPU
		{F67F73BE-4609-42E7-91E7-F8DA92CDC25B}.Debug|Any CPU.Build.0 = Debug|Any CPU
		{F67F73BE-4609-42E7-91E7-F8DA92CDC25B}.Debug|arm64.ActiveCfg = Debug|Any CPU
		{F67F73BE-4609-42E7-91E7-F8DA92CDC25B}.Debug|arm64.Build.0 = Debug|Any CPU
		{F67F73BE-4609-42E7-91E7-F8DA92CDC25B}.Debug|iPhone.ActiveCfg = Debug|Any CPU
		{F67F73BE-4609-42E7-91E7-F8DA92CDC25B}.Debug|iPhone.Build.0 = Debug|Any CPU
		{F67F73BE-4609-42E7-91E7-F8DA92CDC25B}.Debug|iPhoneSimulator.ActiveCfg = Debug|Any CPU
		{F67F73BE-4609-42E7-91E7-F8DA92CDC25B}.Debug|iPhoneSimulator.Build.0 = Debug|Any CPU
		{F67F73BE-4609-42E7-91E7-F8DA92CDC25B}.Debug|x64.ActiveCfg = Debug|Any CPU
		{F67F73BE-4609-42E7-91E7-F8DA92CDC25B}.Debug|x64.Build.0 = Debug|Any CPU
		{F67F73BE-4609-42E7-91E7-F8DA92CDC25B}.Debug|x86.ActiveCfg = Debug|Any CPU
		{F67F73BE-4609-42E7-91E7-F8DA92CDC25B}.Debug|x86.Build.0 = Debug|Any CPU
		{F67F73BE-4609-42E7-91E7-F8DA92CDC25B}.Release|Any CPU.ActiveCfg = Release|Any CPU
		{F67F73BE-4609-42E7-91E7-F8DA92CDC25B}.Release|Any CPU.Build.0 = Release|Any CPU
		{F67F73BE-4609-42E7-91E7-F8DA92CDC25B}.Release|arm64.ActiveCfg = Release|Any CPU
		{F67F73BE-4609-42E7-91E7-F8DA92CDC25B}.Release|arm64.Build.0 = Release|Any CPU
		{F67F73BE-4609-42E7-91E7-F8DA92CDC25B}.Release|iPhone.ActiveCfg = Release|Any CPU
		{F67F73BE-4609-42E7-91E7-F8DA92CDC25B}.Release|iPhone.Build.0 = Release|Any CPU
		{F67F73BE-4609-42E7-91E7-F8DA92CDC25B}.Release|iPhoneSimulator.ActiveCfg = Release|Any CPU
		{F67F73BE-4609-42E7-91E7-F8DA92CDC25B}.Release|iPhoneSimulator.Build.0 = Release|Any CPU
		{F67F73BE-4609-42E7-91E7-F8DA92CDC25B}.Release|x64.ActiveCfg = Release|Any CPU
		{F67F73BE-4609-42E7-91E7-F8DA92CDC25B}.Release|x64.Build.0 = Release|Any CPU
		{F67F73BE-4609-42E7-91E7-F8DA92CDC25B}.Release|x86.ActiveCfg = Release|Any CPU
		{F67F73BE-4609-42E7-91E7-F8DA92CDC25B}.Release|x86.Build.0 = Release|Any CPU
		{4BEB4AE1-3755-425B-9BEC-72F2E3470CFA}.Debug|Any CPU.ActiveCfg = Debug|Any CPU
		{4BEB4AE1-3755-425B-9BEC-72F2E3470CFA}.Debug|Any CPU.Build.0 = Debug|Any CPU
		{4BEB4AE1-3755-425B-9BEC-72F2E3470CFA}.Debug|arm64.ActiveCfg = Debug|Any CPU
		{4BEB4AE1-3755-425B-9BEC-72F2E3470CFA}.Debug|arm64.Build.0 = Debug|Any CPU
		{4BEB4AE1-3755-425B-9BEC-72F2E3470CFA}.Debug|iPhone.ActiveCfg = Debug|Any CPU
		{4BEB4AE1-3755-425B-9BEC-72F2E3470CFA}.Debug|iPhone.Build.0 = Debug|Any CPU
		{4BEB4AE1-3755-425B-9BEC-72F2E3470CFA}.Debug|iPhoneSimulator.ActiveCfg = Debug|Any CPU
		{4BEB4AE1-3755-425B-9BEC-72F2E3470CFA}.Debug|iPhoneSimulator.Build.0 = Debug|Any CPU
		{4BEB4AE1-3755-425B-9BEC-72F2E3470CFA}.Debug|x64.ActiveCfg = Debug|Any CPU
		{4BEB4AE1-3755-425B-9BEC-72F2E3470CFA}.Debug|x64.Build.0 = Debug|Any CPU
		{4BEB4AE1-3755-425B-9BEC-72F2E3470CFA}.Debug|x86.ActiveCfg = Debug|Any CPU
		{4BEB4AE1-3755-425B-9BEC-72F2E3470CFA}.Debug|x86.Build.0 = Debug|Any CPU
		{4BEB4AE1-3755-425B-9BEC-72F2E3470CFA}.Release|Any CPU.ActiveCfg = Release|Any CPU
		{4BEB4AE1-3755-425B-9BEC-72F2E3470CFA}.Release|Any CPU.Build.0 = Release|Any CPU
		{4BEB4AE1-3755-425B-9BEC-72F2E3470CFA}.Release|arm64.ActiveCfg = Release|Any CPU
		{4BEB4AE1-3755-425B-9BEC-72F2E3470CFA}.Release|arm64.Build.0 = Release|Any CPU
		{4BEB4AE1-3755-425B-9BEC-72F2E3470CFA}.Release|iPhone.ActiveCfg = Release|Any CPU
		{4BEB4AE1-3755-425B-9BEC-72F2E3470CFA}.Release|iPhone.Build.0 = Release|Any CPU
		{4BEB4AE1-3755-425B-9BEC-72F2E3470CFA}.Release|iPhoneSimulator.ActiveCfg = Release|Any CPU
		{4BEB4AE1-3755-425B-9BEC-72F2E3470CFA}.Release|iPhoneSimulator.Build.0 = Release|Any CPU
		{4BEB4AE1-3755-425B-9BEC-72F2E3470CFA}.Release|x64.ActiveCfg = Release|Any CPU
		{4BEB4AE1-3755-425B-9BEC-72F2E3470CFA}.Release|x64.Build.0 = Release|Any CPU
		{4BEB4AE1-3755-425B-9BEC-72F2E3470CFA}.Release|x86.ActiveCfg = Release|Any CPU
		{4BEB4AE1-3755-425B-9BEC-72F2E3470CFA}.Release|x86.Build.0 = Release|Any CPU
	EndGlobalSection
	GlobalSection(SolutionProperties) = preSolution
		HideSolutionNode = FALSE
	EndGlobalSection
	GlobalSection(NestedProjects) = preSolution
		{488D104A-900D-43CC-8228-F9E1B98A3A96} = {455995EE-7B44-452F-B003-EEADBA8B06D0}
		{7C25EE06-E070-4D60-BE7F-EAA1B140EC36} = {455995EE-7B44-452F-B003-EEADBA8B06D0}
		{3ABF7B32-B150-45BE-8F81-070FCC1B3BC1} = {455995EE-7B44-452F-B003-EEADBA8B06D0}
		{55E27E9F-3E32-43BA-B289-7A8F14C9305B} = {455995EE-7B44-452F-B003-EEADBA8B06D0}
		{02074151-2914-4DDC-9E0F-467EC1C68E26} = {455995EE-7B44-452F-B003-EEADBA8B06D0}
		{DC563004-6780-46C3-9A1A-A7EFD9E4ACF3} = {455995EE-7B44-452F-B003-EEADBA8B06D0}
		{ED03C174-6009-41BD-92AB-6D9A1586D805} = {455995EE-7B44-452F-B003-EEADBA8B06D0}
		{D9A31082-14DB-40C7-BE79-0A11A392955C} = {3ABF7B32-B150-45BE-8F81-070FCC1B3BC1}
		{8EB77CBE-21B6-489F-B73D-5CE425B51DF0} = {11432440-0BBA-4CEA-BF08-3D180F85D2C4}
		{7EFD43E0-2148-4342-A636-41B5B43D72F1} = {7C25EE06-E070-4D60-BE7F-EAA1B140EC36}
		{D65B0A93-E879-4375-8424-7CC6E3943002} = {488D104A-900D-43CC-8228-F9E1B98A3A96}
		{AD2C03DB-232F-49E4-B235-4817888E40A9} = {38F7C4BE-56BE-4304-8B48-B5F6799D80E8}
		{CEAF5568-45DB-4EE3-87E2-5C293A68DD87} = {11432440-0BBA-4CEA-BF08-3D180F85D2C4}
		{036C1F14-68F8-44A7-9683-BE94C312EEC3} = {11432440-0BBA-4CEA-BF08-3D180F85D2C4}
		{B76D0B0F-E405-4848-B9FE-081AC7FE92BD} = {11432440-0BBA-4CEA-BF08-3D180F85D2C4}
		{3412E2C4-C193-46D3-90B1-A1BAA138FAF6} = {8EB77CBE-21B6-489F-B73D-5CE425B51DF0}
		{1EAF3D27-BBC7-4AD2-ACBC-9F29690C1467} = {488D104A-900D-43CC-8228-F9E1B98A3A96}
		{74371479-0E74-4BCC-8047-42BD00F6625E} = {488D104A-900D-43CC-8228-F9E1B98A3A96}
		{A62C0217-B1D2-47A0-BA1B-704812C8B8DF} = {488D104A-900D-43CC-8228-F9E1B98A3A96}
		{DE4702A9-3356-4D50-8A56-F3CB3292106B} = {ED03C174-6009-41BD-92AB-6D9A1586D805}
		{7D8B9D16-07AC-4D49-B6B1-1A66C8D1FCD8} = {ED03C174-6009-41BD-92AB-6D9A1586D805}
		{FB968F87-9FD3-4303-B5AE-56A85A238D30} = {ED03C174-6009-41BD-92AB-6D9A1586D805}
		{8BA09471-6793-434D-BE8C-80C7EE76A257} = {55E27E9F-3E32-43BA-B289-7A8F14C9305B}
		{AD97ECEF-0FC6-45E0-AAAE-A34BB5D75EE4} = {7C25EE06-E070-4D60-BE7F-EAA1B140EC36}
		{C7C817FA-3E21-4FB9-B0E7-6907A8FA427D} = {7C25EE06-E070-4D60-BE7F-EAA1B140EC36}
		{7ABD51DF-3E19-4321-8197-CF22C10D50C7} = {7C25EE06-E070-4D60-BE7F-EAA1B140EC36}
		{5DA5A086-2F59-406A-AE31-EF1C76C9D7D8} = {DC563004-6780-46C3-9A1A-A7EFD9E4ACF3}
		{74371957-F9A3-4C5E-8890-BF8E1087B79E} = {3ABF7B32-B150-45BE-8F81-070FCC1B3BC1}
		{17425C46-3145-4D2E-818A-01518FF71AD5} = {3ABF7B32-B150-45BE-8F81-070FCC1B3BC1}
		{14069E9B-B578-4014-A43B-C043185AEA07} = {3ABF7B32-B150-45BE-8F81-070FCC1B3BC1}
		{CAA290BD-C129-442B-B64B-0AAA1F751551} = {3ABF7B32-B150-45BE-8F81-070FCC1B3BC1}
		{A534D940-7E48-459B-8878-6074A733844D} = {3ABF7B32-B150-45BE-8F81-070FCC1B3BC1}
		{3A89D65C-BC9D-4075-9980-6F91171FDBB4} = {3ABF7B32-B150-45BE-8F81-070FCC1B3BC1}
		{E9977349-87F8-4CFB-B00D-7FB856AB3DBD} = {38F7C4BE-56BE-4304-8B48-B5F6799D80E8}
		{D68657B7-ED14-4D55-84C8-2529D0027427} = {02074151-2914-4DDC-9E0F-467EC1C68E26}
		{4E406F74-DB90-46FA-8337-89A599ABE967} = {D9A31082-14DB-40C7-BE79-0A11A392955C}
		{591058DC-5E6F-45AD-A541-51AB926BD200} = {7EFD43E0-2148-4342-A636-41B5B43D72F1}
		{01BE185B-F171-4E79-9561-4EEF2826797A} = {55E27E9F-3E32-43BA-B289-7A8F14C9305B}
		{10F7A062-441C-4E7A-B7E4-182682388592} = {D65B0A93-E879-4375-8424-7CC6E3943002}
		{9026566E-6D11-448D-A421-1E9CFA1DB99B} = {38F7C4BE-56BE-4304-8B48-B5F6799D80E8}
		{62A9AC04-FEF9-4463-9E3B-F1A865CA4BFE} = {55E27E9F-3E32-43BA-B289-7A8F14C9305B}
		{56A62C76-56A7-415B-A297-D965BF1359EB} = {11432440-0BBA-4CEA-BF08-3D180F85D2C4}
		{F67F73BE-4609-42E7-91E7-F8DA92CDC25B} = {488D104A-900D-43CC-8228-F9E1B98A3A96}
		{4BEB4AE1-3755-425B-9BEC-72F2E3470CFA} = {11432440-0BBA-4CEA-BF08-3D180F85D2C4}
	EndGlobalSection
	GlobalSection(ExtensibilityGlobals) = postSolution
		SolutionGuid = {91A45E2F-9D6D-4902-B556-7D06DC132948}
	EndGlobalSection
EndGlobal
